
Microsoft Visual Studio Solution File, Format Version 11.00
# Visual Studio 2010
Project("{FAE04EC0-301F-11D3-BF4B-00C04F79EFBC}") = "Unity.Timeline", "Unity.Timeline.csproj", "{76dab1e8-6cc1-b16a-01fb-0a3429900eba}"
EndProject
Project("{FAE04EC0-301F-11D3-BF4B-00C04F79EFBC}") = "Unity.InputSystem", "Unity.InputSystem.csproj", "{35c465a0-e09b-644c-63cd-cb6bb4c7be67}"
EndProject
Project("{FAE04EC0-301F-11D3-BF4B-00C04F79EFBC}") = "Unity.XR.Management", "Unity.XR.Management.csproj", "{687c5e68-9c3f-bb2c-a864-ee4ea57cdaed}"
EndProject
Project("{FAE04EC0-301F-11D3-BF4B-00C04F79EFBC}") = "Assembly-CSharp", "Assembly-CSharp.csproj", "{e87c9dbf-c73b-de86-8d14-29e501f5bed7}"
EndProject
Project("{FAE04EC0-301F-11D3-BF4B-00C04F79EFBC}") = "Unity.VisualScripting.Flow", "Unity.VisualScripting.Flow.csproj", "{775fa020-73a8-481b-4c2f-3eabed6dc77d}"
EndProject
Project("{FAE04EC0-301F-11D3-BF4B-00C04F79EFBC}") = "Unity.XR.Interaction.Toolkit", "Unity.XR.Interaction.Toolkit.csproj", "{d5709f85-056f-ce7b-fc47-f41604cb7220}"
EndProject
Project("{FAE04EC0-301F-11D3-BF4B-00C04F79EFBC}") = "Unity.XR.Interaction.Toolkit.Editor", "Unity.XR.Interaction.Toolkit.Editor.csproj", "{bbbe07c4-4a25-6cce-437e-25fb34b2159e}"
EndProject
Project("{FAE04EC0-301F-11D3-BF4B-00C04F79EFBC}") = "Unity.Timeline.Editor", "Unity.Timeline.Editor.csproj", "{76fc0e4a-539a-9c28-1b8a-91504fc86451}"
EndProject
Project("{FAE04EC0-301F-11D3-BF4B-00C04F79EFBC}") = "Unity.PlasticSCM.Editor", "Unity.PlasticSCM.Editor.csproj", "{fed17b04-1558-377f-9133-df7885e20b63}"
EndProject
Project("{FAE04EC0-301F-11D3-BF4B-00C04F79EFBC}") = "Unity.XR.CoreUtils.Editor", "Unity.XR.CoreUtils.Editor.csproj", "{99707c96-4fbc-c911-87fa-e4c19e611c4b}"
EndProject
Project("{FAE04EC0-301F-11D3-BF4B-00C04F79EFBC}") = "Unity.Mathematics", "Unity.Mathematics.csproj", "{7c57ada6-0eec-ad6e-34be-d3fcd0a10cad}"
EndProject
Project("{FAE04EC0-301F-11D3-BF4B-00C04F79EFBC}") = "Unity.XR.Interaction.Toolkit.Samples.Hands", "Unity.XR.Interaction.Toolkit.Samples.Hands.csproj", "{bf842bd2-26a5-f644-2337-b881631cae83}"
EndProject
Project("{FAE04EC0-301F-11D3-BF4B-00C04F79EFBC}") = "Unity.VisualScripting.Core.Editor", "Unity.VisualScripting.Core.Editor.csproj", "{e13096e9-3bc7-d401-7b13-e6c6e281b7cb}"
EndProject
Project("{FAE04EC0-301F-11D3-BF4B-00C04F79EFBC}") = "UnityEditor.TestRunner", "UnityEditor.TestRunner.csproj", "{ef0ec4ff-336d-dd4f-9ac8-52cb67e96d62}"
EndProject
Project("{FAE04EC0-301F-11D3-BF4B-00C04F79EFBC}") = "Unity.XR.CoreUtils", "Unity.XR.CoreUtils.csproj", "{5979ab8f-edbe-ef7d-44e7-bee54418052d}"
EndProject
Project("{FAE04EC0-301F-11D3-BF4B-00C04F79EFBC}") = "Unity.TextMeshPro.Editor", "Unity.TextMeshPro.Editor.csproj", "{c092fe7a-eaf2-ee70-6543-d2ad900e19f4}"
EndProject
Project("{FAE04EC0-301F-11D3-BF4B-00C04F79EFBC}") = "UnityEngine.TestRunner", "UnityEngine.TestRunner.csproj", "{99137875-b163-2398-3675-53037b4c9538}"
EndProject
Project("{FAE04EC0-301F-11D3-BF4B-00C04F79EFBC}") = "Unity.VisualScripting.Core", "Unity.VisualScripting.Core.csproj", "{533db032-29ef-0157-de32-81f1aabd5fa8}"
EndProject
Project("{FAE04EC0-301F-11D3-BF4B-00C04F79EFBC}") = "Unity.VisualScripting.Flow.Editor", "Unity.VisualScripting.Flow.Editor.csproj", "{72837f39-e514-54d5-f649-75fdc0ea580e}"
EndProject
Project("{FAE04EC0-301F-11D3-BF4B-00C04F79EFBC}") = "Unity.Searcher.Editor", "Unity.Searcher.Editor.csproj", "{19292f89-f88d-95e4-c6af-3f1abbe92692}"
EndProject
Project("{FAE04EC0-301F-11D3-BF4B-00C04F79EFBC}") = "Unity.Burst", "Unity.Burst.csproj", "{cecf9b29-56e8-ab24-29da-8b71f62a6807}"
EndProject
Project("{FAE04EC0-301F-11D3-BF4B-00C04F79EFBC}") = "Unity.XR.Oculus", "Unity.XR.Oculus.csproj", "{b50be00a-21f1-a312-b8d8-84e3b82d01b0}"
EndProject
Project("{FAE04EC0-301F-11D3-BF4B-00C04F79EFBC}") = "Unity.Tutorials.Core.Editor", "Unity.Tutorials.Core.Editor.csproj", "{45896510-ea7c-c56b-1da0-4888858557d7}"
EndProject
Project("{FAE04EC0-301F-11D3-BF4B-00C04F79EFBC}") = "Unity.VisualStudio.Editor", "Unity.VisualStudio.Editor.csproj", "{26db0131-6490-d5fc-ce18-69af0e0e424e}"
EndProject
Project("{FAE04EC0-301F-11D3-BF4B-00C04F79EFBC}") = "Unity.XR.Oculus.Editor", "Unity.XR.Oculus.Editor.csproj", "{ed1a1bfb-d119-7fc4-27ad-501208a0f38d}"
EndProject
Project("{FAE04EC0-301F-11D3-BF4B-00C04F79EFBC}") = "Unity.XR.OpenXR", "Unity.XR.OpenXR.csproj", "{fecda5b4-0692-182c-d9f2-64ef32afe81e}"
EndProject
Project("{FAE04EC0-301F-11D3-BF4B-00C04F79EFBC}") = "Unity.XR.Hands", "Unity.XR.Hands.csproj", "{d4cfcb20-05f1-77c5-d0b9-06200b7d88e1}"
EndProject
Project("{FAE04EC0-301F-11D3-BF4B-00C04F79EFBC}") = "Unity.TestTools.CodeCoverage.Editor.OpenCover.Model", "Unity.TestTools.CodeCoverage.Editor.OpenCover.Model.csproj", "{e620bfbf-8e8e-b651-b4ca-bcb10a5002d0}"
EndProject
Project("{FAE04EC0-301F-11D3-BF4B-00C04F79EFBC}") = "Unity.Rider.Editor", "Unity.Rider.Editor.csproj", "{eeb57f91-261c-10f1-004b-7b1eb2184908}"
EndProject
Project("{FAE04EC0-301F-11D3-BF4B-00C04F79EFBC}") = "Unity.XR.OpenXR.Editor", "Unity.XR.OpenXR.Editor.csproj", "{e5ae3e40-5886-0c13-eaa3-218c12d24126}"
EndProject
Project("{FAE04EC0-301F-11D3-BF4B-00C04F79EFBC}") = "Unity.VisualScripting.State.Editor", "Unity.VisualScripting.State.Editor.csproj", "{20d9aeba-9fc7-e5b4-6090-edb59efbf981}"
EndProject
Project("{FAE04EC0-301F-11D3-BF4B-00C04F79EFBC}") = "Assembly-CSharp-Editor", "Assembly-CSharp-Editor.csproj", "{02bd468e-bdad-214b-c3e2-054c88ebe458}"
EndProject
Project("{FAE04EC0-301F-11D3-BF4B-00C04F79EFBC}") = "Unity.TestTools.CodeCoverage.Editor", "Unity.TestTools.CodeCoverage.Editor.csproj", "{8472c981-7d8e-3145-fe8a-5025c91eb819}"
EndProject
Project("{FAE04EC0-301F-11D3-BF4B-00C04F79EFBC}") = "Unity.Burst.CodeGen", "Unity.Burst.CodeGen.csproj", "{6d89f40c-c9a0-50fd-0aa1-b792343f6dde}"
EndProject
Project("{FAE04EC0-301F-11D3-BF4B-00C04F79EFBC}") = "Unity.Postprocessing.Runtime", "Unity.Postprocessing.Runtime.csproj", "{a00345e3-f37e-f38c-61c3-5b56fe7a7024}"
EndProject
Project("{FAE04EC0-301F-11D3-BF4B-00C04F79EFBC}") = "Unity.Postprocessing.Editor", "Unity.Postprocessing.Editor.csproj", "{d0ef5c19-0aca-4b94-1bf7-a3a4f5968b1d}"
EndProject
Project("{FAE04EC0-301F-11D3-BF4B-00C04F79EFBC}") = "Unity.VisualScripting.State", "Unity.VisualScripting.State.csproj", "{ffeb5680-51ad-3b46-7607-32ef70f125f0}"
EndProject
Project("{FAE04EC0-301F-11D3-BF4B-00C04F79EFBC}") = "Unity.TextMeshPro", "Unity.TextMeshPro.csproj", "{cc3ea98c-98d1-62d8-3421-872dba3a92aa}"
EndProject
Project("{FAE04EC0-301F-11D3-BF4B-00C04F79EFBC}") = "Unity.XR.Management.Editor", "Unity.XR.Management.Editor.csproj", "{669e93fe-d070-e368-3672-674088991adc}"
EndProject
Project("{FAE04EC0-301F-11D3-BF4B-00C04F79EFBC}") = "Unity.Performance.Profile-Analyzer.Editor", "Unity.Performance.Profile-Analyzer.Editor.csproj", "{858f8579-22f7-68a4-a134-24057a3bfe81}"
EndProject
Project("{FAE04EC0-301F-11D3-BF4B-00C04F79EFBC}") = "Uween.Runtime", "Uween.Runtime.csproj", "{63ed8d5d-2ce5-7aed-4430-4d5592c7c9a4}"
EndProject
Project("{FAE04EC0-301F-11D3-BF4B-00C04F79EFBC}") = "Unity.XR.Content.Interaction", "Unity.XR.Content.Interaction.csproj", "{939a9ae6-e8e3-e572-f830-afd689496fa2}"
EndProject
Project("{FAE04EC0-301F-11D3-BF4B-00C04F79EFBC}") = "Unity.XR.Interaction.Toolkit.Samples.DeviceSimulator", "Unity.XR.Interaction.Toolkit.Samples.DeviceSimulator.csproj", "{cfe1261c-1105-f1f9-8433-ba17848ab434}"
EndProject
Project("{FAE04EC0-301F-11D3-BF4B-00C04F79EFBC}") = "Unity.VisualScripting.SettingsProvider.Editor", "Unity.VisualScripting.SettingsProvider.Editor.csproj", "{6afda5a4-84e0-0527-8951-ab60420c5da3}"
EndProject
Project("{FAE04EC0-301F-11D3-BF4B-00C04F79EFBC}") = "Unity.VSCode.Editor", "Unity.VSCode.Editor.csproj", "{f7600d90-60c3-2944-b35f-12ea82ad0829}"
EndProject
Project("{FAE04EC0-301F-11D3-BF4B-00C04F79EFBC}") = "Unity.Burst.Editor", "Unity.Burst.Editor.csproj", "{0416bfdc-0963-49fd-75d0-161a2c65dbf5}"
EndProject
Project("{FAE04EC0-301F-11D3-BF4B-00C04F79EFBC}") = "Unity.TestTools.CodeCoverage.Editor.OpenCover.Mono.Reflection", "Unity.TestTools.CodeCoverage.Editor.OpenCover.Mono.Reflection.csproj", "{b80d51fa-a1d7-fd7f-cb25-ec32de383250}"
EndProject
Project("{FAE04EC0-301F-11D3-BF4B-00C04F79EFBC}") = "Unity.Settings.Editor", "Unity.Settings.Editor.csproj", "{ab569d87-fe0d-52ba-6b6a-a7ec44185b6d}"
EndProject
Project("{FAE04EC0-301F-11D3-BF4B-00C04F79EFBC}") = "Unity.InternalAPIEngineBridge.007", "Unity.InternalAPIEngineBridge.007.csproj", "{c5ddc2fd-a8d8-cc9d-fe1f-bad45b91bb03}"
EndProject
Project("{FAE04EC0-301F-11D3-BF4B-00C04F79EFBC}") = "Unity.InternalAPIEditorBridge.007", "Unity.InternalAPIEditorBridge.007.csproj", "{d781e855-bbeb-801b-95c2-a9902f02e2bf}"
EndProject
Project("{FAE04EC0-301F-11D3-BF4B-00C04F79EFBC}") = "UnityEngine.SpatialTracking", "UnityEngine.SpatialTracking.csproj", "{a435b95c-8171-64dc-f869-ae25a8f371ed}"
EndProject
Project("{FAE04EC0-301F-11D3-BF4B-00C04F79EFBC}") = "Unity.InputSystem.ForUI", "Unity.InputSystem.ForUI.csproj", "{c6eba1e5-a181-2994-5f78-bce7bb24dc32}"
EndProject
Project("{FAE04EC0-301F-11D3-BF4B-00C04F79EFBC}") = "Unity.Mathematics.Editor", "Unity.Mathematics.Editor.csproj", "{c221edbf-dfab-bd56-537d-c3babe24d4cd}"
EndProject
Project("{FAE04EC0-301F-11D3-BF4B-00C04F79EFBC}") = "Unity.XR.Hands.Editor", "Unity.XR.Hands.Editor.csproj", "{e6d70385-af76-00ae-7d46-44afb44063ba}"
EndProject
Project("{FAE04EC0-301F-11D3-BF4B-00C04F79EFBC}") = "Unity.Tutorials.Core", "Unity.Tutorials.Core.csproj", "{7dd1f88a-7842-c6a3-3846-74eeca9c9905}"
EndProject
Project("{FAE04EC0-301F-11D3-BF4B-00C04F79EFBC}") = "UnityEditor.SpatialTracking", "UnityEditor.SpatialTracking.csproj", "{49505a49-b5fa-ee6b-bd0f-ffd0689468bb}"
EndProject
Project("{FAE04EC0-301F-11D3-BF4B-00C04F79EFBC}") = "Unity.XR.Interaction.Toolkit.Samples.StarterAssets.Editor", "Unity.XR.Interaction.Toolkit.Samples.StarterAssets.Editor.csproj", "{8f38549e-39a9-2054-6780-885a5b93d00e}"
EndProject
Project("{FAE04EC0-301F-11D3-BF4B-00C04F79EFBC}") = "Unity.XR.Content.Interaction.Analytics", "Unity.XR.Content.Interaction.Analytics.csproj", "{340156ef-205a-42f9-c482-8874cd816465}"
EndProject
Project("{FAE04EC0-301F-11D3-BF4B-00C04F79EFBC}") = "Unity.XR.OpenXR.Features.MetaQuestSupport.Editor", "Unity.XR.OpenXR.Features.MetaQuestSupport.Editor.csproj", "{a6cd831b-ed63-a447-8185-cd93b0823f0f}"
EndProject
Project("{FAE04EC0-301F-11D3-BF4B-00C04F79EFBC}") = "Unity.InputSystem.TestFramework", "Unity.InputSystem.TestFramework.csproj", "{a2ffb07b-aea2-fdc4-4595-b007dbc0c625}"
EndProject
Project("{FAE04EC0-301F-11D3-BF4B-00C04F79EFBC}") = "Unity.XR.OpenXR.Features.RuntimeDebugger.Editor", "Unity.XR.OpenXR.Features.RuntimeDebugger.Editor.csproj", "{50c68860-811f-feee-0ca0-b81cbf0c52ad}"
EndProject
Project("{FAE04EC0-301F-11D3-BF4B-00C04F79EFBC}") = "UnityEditor.XR.LegacyInputHelpers", "UnityEditor.XR.LegacyInputHelpers.csproj", "{62a7af3d-cd66-ad05-a0a4-4bb99cbd3db8}"
EndProject
Project("{FAE04EC0-301F-11D3-BF4B-00C04F79EFBC}") = "Unity.XR.Hands.Samples.VisualizerSample", "Unity.XR.Hands.Samples.VisualizerSample.csproj", "{b75cc8f3-9cb2-1fc0-03c0-3721a4831bbe}"
EndProject
Project("{FAE04EC0-301F-11D3-BF4B-00C04F79EFBC}") = "Unity.VisualScripting.Shared.Editor", "Unity.VisualScripting.Shared.Editor.csproj", "{6112ad59-f5da-ba15-c653-ee2d308476b1}"
EndProject
Project("{FAE04EC0-301F-11D3-BF4B-00C04F79EFBC}") = "Unity.XR.Interaction.Toolkit.Samples.Hands.Editor", "Unity.XR.Interaction.Toolkit.Samples.Hands.Editor.csproj", "{ba715c37-ad8b-c0e5-867f-567b23e903af}"
EndProject
Project("{FAE04EC0-301F-11D3-BF4B-00C04F79EFBC}") = "Unity.XR.OpenXR.Features.OculusQuestSupport.Editor", "Unity.XR.OpenXR.Features.OculusQuestSupport.Editor.csproj", "{15d91434-aa98-2866-cb5b-3577b82813da}"
EndProject
Project("{FAE04EC0-301F-11D3-BF4B-00C04F79EFBC}") = "Unity.EditorCoroutines.Editor", "Unity.EditorCoroutines.Editor.csproj", "{c33b9051-c399-222c-9942-d4ceac70fe4a}"
EndProject
Project("{FAE04EC0-301F-11D3-BF4B-00C04F79EFBC}") = "Unity.XR.OpenXR.Features.ConformanceAutomation", "Unity.XR.OpenXR.Features.ConformanceAutomation.csproj", "{bb22e578-c7f9-378e-cb07-837dbc7730c5}"
EndProject
Project("{FAE04EC0-301F-11D3-BF4B-00C04F79EFBC}") = "UnityEngine.XR.LegacyInputHelpers", "UnityEngine.XR.LegacyInputHelpers.csproj", "{ab5c5b33-d2ce-cf4b-003e-b961e9dfe467}"
EndProject
Project("{FAE04EC0-301F-11D3-BF4B-00C04F79EFBC}") = "Unity.XR.Interaction.Toolkit.Samples.StarterAssets", "Unity.XR.Interaction.Toolkit.Samples.StarterAssets.csproj", "{1190d1ee-d32b-3568-25d4-7ab2edd29d38}"
EndProject
Project("{FAE04EC0-301F-11D3-BF4B-00C04F79EFBC}") = "Unity.XR.OpenXR.Features.OculusQuestSupport", "Unity.XR.OpenXR.Features.OculusQuestSupport.csproj", "{d03aa6d8-f196-58be-2664-f9ea5e65b836}"
EndProject
Project("{FAE04EC0-301F-11D3-BF4B-00C04F79EFBC}") = "Unity.XR.OpenXR.Features.MockRuntime", "Unity.XR.OpenXR.Features.MockRuntime.csproj", "{f1c05ec9-c0a4-d6a7-fd3a-fb3288b70e2a}"
EndProject
Project("{FAE04EC0-301F-11D3-BF4B-00C04F79EFBC}") = "Unity.XR.OpenXR.Features.RuntimeDebugger", "Unity.XR.OpenXR.Features.RuntimeDebugger.csproj", "{c9f170dc-4ccd-f075-d96f-e356d444cf52}"
EndProject
Project("{FAE04EC0-301F-11D3-BF4B-00C04F79EFBC}") = "Unity.XR.OpenXR.Features.MetaQuestSupport", "Unity.XR.OpenXR.Features.MetaQuestSupport.csproj", "{3567cb15-50c7-2470-9c60-fd692e63f6f1}"
EndProject
Project("{FAE04EC0-301F-11D3-BF4B-00C04F79EFBC}") = "Unity.CollabProxy.Editor", "Unity.CollabProxy.Editor.csproj", "{65405493-e274-c934-fcaf-a58736389b66}"
EndProject
Project("{FAE04EC0-301F-11D3-BF4B-00C04F79EFBC}") = "Unity.XR.OpenXR.Tests", "Unity.XR.OpenXR.Tests.csproj", "{d6101169-f72c-ffb0-31c6-0e7330aa95ef}"
EndProject
Project("{FAE04EC0-301F-11D3-BF4B-00C04F79EFBC}") = "Unity.Mathematics.Tests", "Unity.Mathematics.Tests.csproj", "{3ae4c0cc-d2bc-6616-30d7-d0ad41b02694}"
EndProject
Project("{FAE04EC0-301F-11D3-BF4B-00C04F79EFBC}") = "Unity.Tutorials.Core.Editor.Tests", "Unity.Tutorials.Core.Editor.Tests.csproj", "{43221c49-09e0-a736-aa8c-67bf14131070}"
EndProject
Project("{FAE04EC0-301F-11D3-BF4B-00C04F79EFBC}") = "Unity.XR.Interaction.Toolkit.Editor.Tests", "Unity.XR.Interaction.Toolkit.Editor.Tests.csproj", "{c911a817-a553-bbb9-c6f7-2c8271804595}"
EndProject
Project("{FAE04EC0-301F-11D3-BF4B-00C04F79EFBC}") = "Unity.Burst.Tests.UnitTests", "Unity.Burst.Tests.UnitTests.csproj", "{473e3e1c-abdc-828d-ef69-9bb2318a2ebe}"
EndProject
Project("{FAE04EC0-301F-11D3-BF4B-00C04F79EFBC}") = "Unity.XR.Hands.Editor.Tests", "Unity.XR.Hands.Editor.Tests.csproj", "{7d0a6cdd-7029-9a55-ea15-da121f19da88}"
EndProject
Project("{FAE04EC0-301F-11D3-BF4B-00C04F79EFBC}") = "Unity.Searcher.EditorTests", "Unity.Searcher.EditorTests.csproj", "{772fff96-347c-d7eb-6a82-fcdf4a72292c}"
EndProject
Project("{FAE04EC0-301F-11D3-BF4B-00C04F79EFBC}") = "Unity.Postprocessing.Runtime.Tests", "Unity.Postprocessing.Runtime.Tests.csproj", "{90d74869-5a0e-b810-7dbe-75c9d6fd33cb}"
EndProject
Project("{FAE04EC0-301F-11D3-BF4B-00C04F79EFBC}") = "Unity.XR.Management.EditorTests", "Unity.XR.Management.EditorTests.csproj", "{af7b1c0f-5f30-4546-d558-827d8a708b82}"
EndProject
Project("{FAE04EC0-301F-11D3-BF4B-00C04F79EFBC}") = "Unity.Burst.Editor.Tests", "Unity.Burst.Editor.Tests.csproj", "{ec0a3505-c8d9-af6f-b3a1-926331a585c7}"
EndProject
Project("{FAE04EC0-301F-11D3-BF4B-00C04F79EFBC}") = "Unity.TestTools.CodeCoverage.Editor.Compatibility", "Unity.TestTools.CodeCoverage.Editor.Compatibility.csproj", "{9e5632a9-a810-5810-39ea-ae8a90870d3e}"
EndProject
Project("{FAE04EC0-301F-11D3-BF4B-00C04F79EFBC}") = "UnityEditor.XR.LegacyInputHelpers.Tests", "UnityEditor.XR.LegacyInputHelpers.Tests.csproj", "{0664cdf0-d8d5-3153-5e85-f2e0364c0344}"
EndProject
Project("{FAE04EC0-301F-11D3-BF4B-00C04F79EFBC}") = "Unity.TextMeshPro.Editor.Tests", "Unity.TextMeshPro.Editor.Tests.csproj", "{4915a765-d8b2-8ef8-25b9-9318ac9a327b}"
EndProject
Project("{FAE04EC0-301F-11D3-BF4B-00C04F79EFBC}") = "DocCodeExamples", "DocCodeExamples.csproj", "{2006b78b-32bd-15fa-65b6-17b520da79a2}"
EndProject
Project("{FAE04EC0-301F-11D3-BF4B-00C04F79EFBC}") = "Unity.XR.Management.TestPackage.Editor", "Unity.XR.Management.TestPackage.Editor.csproj", "{0a4efa2d-b820-ba82-4673-275ab76f3482}"
EndProject
Project("{FAE04EC0-301F-11D3-BF4B-00C04F79EFBC}") = "Unity.XR.OpenXR.Tests.Editor", "Unity.XR.OpenXR.Tests.Editor.csproj", "{f0897ba8-8841-4ede-a94f-3ec51f1be669}"
EndProject
Project("{FAE04EC0-301F-11D3-BF4B-00C04F79EFBC}") = "Unity.XR.TestSupport", "Unity.XR.TestSupport.csproj", "{23f42456-f4ff-566b-eeef-0c078d313fee}"
EndProject
Project("{FAE04EC0-301F-11D3-BF4B-00C04F79EFBC}") = "Unity.XR.Management.Tests.Standalone", "Unity.XR.Management.Tests.Standalone.csproj", "{581cbaaf-0159-5a70-e93e-f98026bff899}"
EndProject
Project("{FAE04EC0-301F-11D3-BF4B-00C04F79EFBC}") = "Unity.Performance.Profile-Analyzer.EditorTests", "Unity.Performance.Profile-Analyzer.EditorTests.csproj", "{148ffae8-1d4e-96a3-000e-04a32949eb64}"
EndProject
Project("{FAE04EC0-301F-11D3-BF4B-00C04F79EFBC}") = "Unity.XR.CoreUtils.EditorTests", "Unity.XR.CoreUtils.EditorTests.csproj", "{87724e46-01c8-0693-8a4f-5ece65a85744}"
EndProject
Project("{FAE04EC0-301F-11D3-BF4B-00C04F79EFBC}") = "Unity.Settings.Tests", "Unity.Settings.Tests.csproj", "{6776e5b2-b524-0ae5-cd3c-b15ac1ae7f39}"
EndProject
Project("{FAE04EC0-301F-11D3-BF4B-00C04F79EFBC}") = "Unity.XR.CoreUtils.Tests", "Unity.XR.CoreUtils.Tests.csproj", "{5d5bd362-758e-7311-8f84-d3cbfd5daeff}"
EndProject
Project("{FAE04EC0-301F-11D3-BF4B-00C04F79EFBC}") = "Unity.XR.Management.Tests", "Unity.XR.Management.Tests.csproj", "{a5e1341c-bad6-c734-d2dc-ca6f73dff9a3}"
EndProject
Project("{FAE04EC0-301F-11D3-BF4B-00C04F79EFBC}") = "Unity.InputSystem.IntegrationTests", "Unity.InputSystem.IntegrationTests.csproj", "{d8b9fd54-de98-46ff-a6f2-3b651f886dc6}"
EndProject
Project("{FAE04EC0-301F-11D3-BF4B-00C04F79EFBC}") = "Unity.XR.Interaction.Toolkit.Tests", "Unity.XR.Interaction.Toolkit.Tests.csproj", "{eb973cc7-d8dc-9b95-8fa2-a5ac98190447}"
EndProject
Project("{FAE04EC0-301F-11D3-BF4B-00C04F79EFBC}") = "Unity.XR.Management.TestPackage", "Unity.XR.Management.TestPackage.csproj", "{9fd08614-9764-3999-05c2-d7f4b1a3fe2a}"
EndProject
Project("{FAE04EC0-301F-11D3-BF4B-00C04F79EFBC}") = "Unity.Tutorials.Core.Tests", "Unity.Tutorials.Core.Tests.csproj", "{40182b1e-4986-e08d-fe48-a1c6ff599b0d}"
EndProject
Project("{FAE04EC0-301F-11D3-BF4B-00C04F79EFBC}") = "Unity.XR.Hands.Tests", "Unity.XR.Hands.Tests.csproj", "{2bb7f0a2-82e3-9e55-89fa-af1aa71d79c3}"
EndProject
Project("{FAE04EC0-301F-11D3-BF4B-00C04F79EFBC}") = "Unity.TextMeshPro.Tests", "Unity.TextMeshPro.Tests.csproj", "{33d4b84c-ac06-e310-9574-42f188956053}"
EndProject
Project("{FAE04EC0-301F-11D3-BF4B-00C04F79EFBC}") = "SeparateAssembly", "SeparateAssembly.csproj", "{67078df6-a576-13d7-16f6-bc0d89726d6b}"
EndProject
Project("{FAE04EC0-301F-11D3-BF4B-00C04F79EFBC}") = "Unity.XR.CoreUtils.CodeSamples.Tests", "Unity.XR.CoreUtils.CodeSamples.Tests.csproj", "{d037f8ca-0a6b-8e7e-146a-27d97f372a22}"
EndProject
Project("{FAE04EC0-301F-11D3-BF4B-00C04F79EFBC}") = "Unity.Postprocessing.Editor.Tests", "Unity.Postprocessing.Editor.Tests.csproj", "{fea5bf08-2de9-c96e-f349-5e6eb639401f}"
EndProject
Project("{FAE04EC0-301F-11D3-BF4B-00C04F79EFBC}") = "UnityEngine.SpatialTracking.Tests", "UnityEngine.SpatialTracking.Tests.csproj", "{3e82cbba-3148-567a-b093-fbf5afbb015a}"
EndProject
Project("{FAE04EC0-301F-11D3-BF4B-00C04F79EFBC}") = "Assembly-CSharp-firstpass", "Assembly-CSharp-firstpass.csproj", "{3fc3e0d5-b37b-3bdb-e676-168b7a72aaf9}"
EndProject
Project("{FAE04EC0-301F-11D3-BF4B-00C04F79EFBC}") = "OverloadedFunctionPointers", "OverloadedFunctionPointers.csproj", "{f9dab51b-31a3-82aa-b020-ed3b2746646a}"
EndProject
Global
	GlobalSection(SolutionConfigurationPlatforms) = preSolution
		Debug|Any CPU = Debug|Any CPU
	EndGlobalSection
	GlobalSection(ProjectConfigurationPlatforms) = postSolution
		{76dab1e8-6cc1-b16a-01fb-0a3429900eba}.Debug|Any CPU.ActiveCfg = Debug|Any CPU
		{76dab1e8-6cc1-b16a-01fb-0a3429900eba}.Debug|Any CPU.Build.0 = Debug|Any CPU
		{35c465a0-e09b-644c-63cd-cb6bb4c7be67}.Debug|Any CPU.ActiveCfg = Debug|Any CPU
		{35c465a0-e09b-644c-63cd-cb6bb4c7be67}.Debug|Any CPU.Build.0 = Debug|Any CPU
		{687c5e68-9c3f-bb2c-a864-ee4ea57cdaed}.Debug|Any CPU.ActiveCfg = Debug|Any CPU
		{687c5e68-9c3f-bb2c-a864-ee4ea57cdaed}.Debug|Any CPU.Build.0 = Debug|Any CPU
		{e87c9dbf-c73b-de86-8d14-29e501f5bed7}.Debug|Any CPU.ActiveCfg = Debug|Any CPU
		{e87c9dbf-c73b-de86-8d14-29e501f5bed7}.Debug|Any CPU.Build.0 = Debug|Any CPU
		{775fa020-73a8-481b-4c2f-3eabed6dc77d}.Debug|Any CPU.ActiveCfg = Debug|Any CPU
		{775fa020-73a8-481b-4c2f-3eabed6dc77d}.Debug|Any CPU.Build.0 = Debug|Any CPU
		{d5709f85-056f-ce7b-fc47-f41604cb7220}.Debug|Any CPU.ActiveCfg = Debug|Any CPU
		{d5709f85-056f-ce7b-fc47-f41604cb7220}.Debug|Any CPU.Build.0 = Debug|Any CPU
		{bbbe07c4-4a25-6cce-437e-25fb34b2159e}.Debug|Any CPU.ActiveCfg = Debug|Any CPU
		{bbbe07c4-4a25-6cce-437e-25fb34b2159e}.Debug|Any CPU.Build.0 = Debug|Any CPU
		{76fc0e4a-539a-9c28-1b8a-91504fc86451}.Debug|Any CPU.ActiveCfg = Debug|Any CPU
		{76fc0e4a-539a-9c28-1b8a-91504fc86451}.Debug|Any CPU.Build.0 = Debug|Any CPU
		{fed17b04-1558-377f-9133-df7885e20b63}.Debug|Any CPU.ActiveCfg = Debug|Any CPU
		{fed17b04-1558-377f-9133-df7885e20b63}.Debug|Any CPU.Build.0 = Debug|Any CPU
		{99707c96-4fbc-c911-87fa-e4c19e611c4b}.Debug|Any CPU.ActiveCfg = Debug|Any CPU
		{99707c96-4fbc-c911-87fa-e4c19e611c4b}.Debug|Any CPU.Build.0 = Debug|Any CPU
		{7c57ada6-0eec-ad6e-34be-d3fcd0a10cad}.Debug|Any CPU.ActiveCfg = Debug|Any CPU
		{7c57ada6-0eec-ad6e-34be-d3fcd0a10cad}.Debug|Any CPU.Build.0 = Debug|Any CPU
		{bf842bd2-26a5-f644-2337-b881631cae83}.Debug|Any CPU.ActiveCfg = Debug|Any CPU
		{bf842bd2-26a5-f644-2337-b881631cae83}.Debug|Any CPU.Build.0 = Debug|Any CPU
		{e13096e9-3bc7-d401-7b13-e6c6e281b7cb}.Debug|Any CPU.ActiveCfg = Debug|Any CPU
		{e13096e9-3bc7-d401-7b13-e6c6e281b7cb}.Debug|Any CPU.Build.0 = Debug|Any CPU
		{ef0ec4ff-336d-dd4f-9ac8-52cb67e96d62}.Debug|Any CPU.ActiveCfg = Debug|Any CPU
		{ef0ec4ff-336d-dd4f-9ac8-52cb67e96d62}.Debug|Any CPU.Build.0 = Debug|Any CPU
		{5979ab8f-edbe-ef7d-44e7-bee54418052d}.Debug|Any CPU.ActiveCfg = Debug|Any CPU
		{5979ab8f-edbe-ef7d-44e7-bee54418052d}.Debug|Any CPU.Build.0 = Debug|Any CPU
		{c092fe7a-eaf2-ee70-6543-d2ad900e19f4}.Debug|Any CPU.ActiveCfg = Debug|Any CPU
		{c092fe7a-eaf2-ee70-6543-d2ad900e19f4}.Debug|Any CPU.Build.0 = Debug|Any CPU
		{99137875-b163-2398-3675-53037b4c9538}.Debug|Any CPU.ActiveCfg = Debug|Any CPU
		{99137875-b163-2398-3675-53037b4c9538}.Debug|Any CPU.Build.0 = Debug|Any CPU
		{533db032-29ef-0157-de32-81f1aabd5fa8}.Debug|Any CPU.ActiveCfg = Debug|Any CPU
		{533db032-29ef-0157-de32-81f1aabd5fa8}.Debug|Any CPU.Build.0 = Debug|Any CPU
		{72837f39-e514-54d5-f649-75fdc0ea580e}.Debug|Any CPU.ActiveCfg = Debug|Any CPU
		{72837f39-e514-54d5-f649-75fdc0ea580e}.Debug|Any CPU.Build.0 = Debug|Any CPU
		{19292f89-f88d-95e4-c6af-3f1abbe92692}.Debug|Any CPU.ActiveCfg = Debug|Any CPU
		{19292f89-f88d-95e4-c6af-3f1abbe92692}.Debug|Any CPU.Build.0 = Debug|Any CPU
		{cecf9b29-56e8-ab24-29da-8b71f62a6807}.Debug|Any CPU.ActiveCfg = Debug|Any CPU
		{cecf9b29-56e8-ab24-29da-8b71f62a6807}.Debug|Any CPU.Build.0 = Debug|Any CPU
		{b50be00a-21f1-a312-b8d8-84e3b82d01b0}.Debug|Any CPU.ActiveCfg = Debug|Any CPU
		{b50be00a-21f1-a312-b8d8-84e3b82d01b0}.Debug|Any CPU.Build.0 = Debug|Any CPU
		{45896510-ea7c-c56b-1da0-4888858557d7}.Debug|Any CPU.ActiveCfg = Debug|Any CPU
		{45896510-ea7c-c56b-1da0-4888858557d7}.Debug|Any CPU.Build.0 = Debug|Any CPU
		{26db0131-6490-d5fc-ce18-69af0e0e424e}.Debug|Any CPU.ActiveCfg = Debug|Any CPU
		{26db0131-6490-d5fc-ce18-69af0e0e424e}.Debug|Any CPU.Build.0 = Debug|Any CPU
		{ed1a1bfb-d119-7fc4-27ad-501208a0f38d}.Debug|Any CPU.ActiveCfg = Debug|Any CPU
		{ed1a1bfb-d119-7fc4-27ad-501208a0f38d}.Debug|Any CPU.Build.0 = Debug|Any CPU
		{fecda5b4-0692-182c-d9f2-64ef32afe81e}.Debug|Any CPU.ActiveCfg = Debug|Any CPU
		{fecda5b4-0692-182c-d9f2-64ef32afe81e}.Debug|Any CPU.Build.0 = Debug|Any CPU
		{d4cfcb20-05f1-77c5-d0b9-06200b7d88e1}.Debug|Any CPU.ActiveCfg = Debug|Any CPU
		{d4cfcb20-05f1-77c5-d0b9-06200b7d88e1}.Debug|Any CPU.Build.0 = Debug|Any CPU
		{e620bfbf-8e8e-b651-b4ca-bcb10a5002d0}.Debug|Any CPU.ActiveCfg = Debug|Any CPU
		{e620bfbf-8e8e-b651-b4ca-bcb10a5002d0}.Debug|Any CPU.Build.0 = Debug|Any CPU
		{eeb57f91-261c-10f1-004b-7b1eb2184908}.Debug|Any CPU.ActiveCfg = Debug|Any CPU
		{eeb57f91-261c-10f1-004b-7b1eb2184908}.Debug|Any CPU.Build.0 = Debug|Any CPU
		{e5ae3e40-5886-0c13-eaa3-218c12d24126}.Debug|Any CPU.ActiveCfg = Debug|Any CPU
		{e5ae3e40-5886-0c13-eaa3-218c12d24126}.Debug|Any CPU.Build.0 = Debug|Any CPU
		{20d9aeba-9fc7-e5b4-6090-edb59efbf981}.Debug|Any CPU.ActiveCfg = Debug|Any CPU
		{20d9aeba-9fc7-e5b4-6090-edb59efbf981}.Debug|Any CPU.Build.0 = Debug|Any CPU
		{02bd468e-bdad-214b-c3e2-054c88ebe458}.Debug|Any CPU.ActiveCfg = Debug|Any CPU
		{02bd468e-bdad-214b-c3e2-054c88ebe458}.Debug|Any CPU.Build.0 = Debug|Any CPU
		{8472c981-7d8e-3145-fe8a-5025c91eb819}.Debug|Any CPU.ActiveCfg = Debug|Any CPU
		{8472c981-7d8e-3145-fe8a-5025c91eb819}.Debug|Any CPU.Build.0 = Debug|Any CPU
		{6d89f40c-c9a0-50fd-0aa1-b792343f6dde}.Debug|Any CPU.ActiveCfg = Debug|Any CPU
		{6d89f40c-c9a0-50fd-0aa1-b792343f6dde}.Debug|Any CPU.Build.0 = Debug|Any CPU
		{a00345e3-f37e-f38c-61c3-5b56fe7a7024}.Debug|Any CPU.ActiveCfg = Debug|Any CPU
		{a00345e3-f37e-f38c-61c3-5b56fe7a7024}.Debug|Any CPU.Build.0 = Debug|Any CPU
		{d0ef5c19-0aca-4b94-1bf7-a3a4f5968b1d}.Debug|Any CPU.ActiveCfg = Debug|Any CPU
		{d0ef5c19-0aca-4b94-1bf7-a3a4f5968b1d}.Debug|Any CPU.Build.0 = Debug|Any CPU
		{ffeb5680-51ad-3b46-7607-32ef70f125f0}.Debug|Any CPU.ActiveCfg = Debug|Any CPU
		{ffeb5680-51ad-3b46-7607-32ef70f125f0}.Debug|Any CPU.Build.0 = Debug|Any CPU
		{cc3ea98c-98d1-62d8-3421-872dba3a92aa}.Debug|Any CPU.ActiveCfg = Debug|Any CPU
		{cc3ea98c-98d1-62d8-3421-872dba3a92aa}.Debug|Any CPU.Build.0 = Debug|Any CPU
		{669e93fe-d070-e368-3672-674088991adc}.Debug|Any CPU.ActiveCfg = Debug|Any CPU
		{669e93fe-d070-e368-3672-674088991adc}.Debug|Any CPU.Build.0 = Debug|Any CPU
		{858f8579-22f7-68a4-a134-24057a3bfe81}.Debug|Any CPU.ActiveCfg = Debug|Any CPU
		{858f8579-22f7-68a4-a134-24057a3bfe81}.Debug|Any CPU.Build.0 = Debug|Any CPU
		{63ed8d5d-2ce5-7aed-4430-4d5592c7c9a4}.Debug|Any CPU.ActiveCfg = Debug|Any CPU
		{63ed8d5d-2ce5-7aed-4430-4d5592c7c9a4}.Debug|Any CPU.Build.0 = Debug|Any CPU
		{939a9ae6-e8e3-e572-f830-afd689496fa2}.Debug|Any CPU.ActiveCfg = Debug|Any CPU
		{939a9ae6-e8e3-e572-f830-afd689496fa2}.Debug|Any CPU.Build.0 = Debug|Any CPU
		{cfe1261c-1105-f1f9-8433-ba17848ab434}.Debug|Any CPU.ActiveCfg = Debug|Any CPU
		{cfe1261c-1105-f1f9-8433-ba17848ab434}.Debug|Any CPU.Build.0 = Debug|Any CPU
		{6afda5a4-84e0-0527-8951-ab60420c5da3}.Debug|Any CPU.ActiveCfg = Debug|Any CPU
		{6afda5a4-84e0-0527-8951-ab60420c5da3}.Debug|Any CPU.Build.0 = Debug|Any CPU
		{f7600d90-60c3-2944-b35f-12ea82ad0829}.Debug|Any CPU.ActiveCfg = Debug|Any CPU
		{f7600d90-60c3-2944-b35f-12ea82ad0829}.Debug|Any CPU.Build.0 = Debug|Any CPU
		{0416bfdc-0963-49fd-75d0-161a2c65dbf5}.Debug|Any CPU.ActiveCfg = Debug|Any CPU
		{0416bfdc-0963-49fd-75d0-161a2c65dbf5}.Debug|Any CPU.Build.0 = Debug|Any CPU
		{b80d51fa-a1d7-fd7f-cb25-ec32de383250}.Debug|Any CPU.ActiveCfg = Debug|Any CPU
		{b80d51fa-a1d7-fd7f-cb25-ec32de383250}.Debug|Any CPU.Build.0 = Debug|Any CPU
		{ab569d87-fe0d-52ba-6b6a-a7ec44185b6d}.Debug|Any CPU.ActiveCfg = Debug|Any CPU
		{ab569d87-fe0d-52ba-6b6a-a7ec44185b6d}.Debug|Any CPU.Build.0 = Debug|Any CPU
		{c5ddc2fd-a8d8-cc9d-fe1f-bad45b91bb03}.Debug|Any CPU.ActiveCfg = Debug|Any CPU
		{c5ddc2fd-a8d8-cc9d-fe1f-bad45b91bb03}.Debug|Any CPU.Build.0 = Debug|Any CPU
		{d781e855-bbeb-801b-95c2-a9902f02e2bf}.Debug|Any CPU.ActiveCfg = Debug|Any CPU
		{d781e855-bbeb-801b-95c2-a9902f02e2bf}.Debug|Any CPU.Build.0 = Debug|Any CPU
		{a435b95c-8171-64dc-f869-ae25a8f371ed}.Debug|Any CPU.ActiveCfg = Debug|Any CPU
		{a435b95c-8171-64dc-f869-ae25a8f371ed}.Debug|Any CPU.Build.0 = Debug|Any CPU
		{c6eba1e5-a181-2994-5f78-bce7bb24dc32}.Debug|Any CPU.ActiveCfg = Debug|Any CPU
		{c6eba1e5-a181-2994-5f78-bce7bb24dc32}.Debug|Any CPU.Build.0 = Debug|Any CPU
		{c221edbf-dfab-bd56-537d-c3babe24d4cd}.Debug|Any CPU.ActiveCfg = Debug|Any CPU
		{c221edbf-dfab-bd56-537d-c3babe24d4cd}.Debug|Any CPU.Build.0 = Debug|Any CPU
		{e6d70385-af76-00ae-7d46-44afb44063ba}.Debug|Any CPU.ActiveCfg = Debug|Any CPU
		{e6d70385-af76-00ae-7d46-44afb44063ba}.Debug|Any CPU.Build.0 = Debug|Any CPU
		{7dd1f88a-7842-c6a3-3846-74eeca9c9905}.Debug|Any CPU.ActiveCfg = Debug|Any CPU
		{7dd1f88a-7842-c6a3-3846-74eeca9c9905}.Debug|Any CPU.Build.0 = Debug|Any CPU
		{49505a49-b5fa-ee6b-bd0f-ffd0689468bb}.Debug|Any CPU.ActiveCfg = Debug|Any CPU
		{49505a49-b5fa-ee6b-bd0f-ffd0689468bb}.Debug|Any CPU.Build.0 = Debug|Any CPU
		{8f38549e-39a9-2054-6780-885a5b93d00e}.Debug|Any CPU.ActiveCfg = Debug|Any CPU
		{8f38549e-39a9-2054-6780-885a5b93d00e}.Debug|Any CPU.Build.0 = Debug|Any CPU
		{340156ef-205a-42f9-c482-8874cd816465}.Debug|Any CPU.ActiveCfg = Debug|Any CPU
		{340156ef-205a-42f9-c482-8874cd816465}.Debug|Any CPU.Build.0 = Debug|Any CPU
		{a6cd831b-ed63-a447-8185-cd93b0823f0f}.Debug|Any CPU.ActiveCfg = Debug|Any CPU
		{a6cd831b-ed63-a447-8185-cd93b0823f0f}.Debug|Any CPU.Build.0 = Debug|Any CPU
		{a2ffb07b-aea2-fdc4-4595-b007dbc0c625}.Debug|Any CPU.ActiveCfg = Debug|Any CPU
		{a2ffb07b-aea2-fdc4-4595-b007dbc0c625}.Debug|Any CPU.Build.0 = Debug|Any CPU
		{50c68860-811f-feee-0ca0-b81cbf0c52ad}.Debug|Any CPU.ActiveCfg = Debug|Any CPU
		{50c68860-811f-feee-0ca0-b81cbf0c52ad}.Debug|Any CPU.Build.0 = Debug|Any CPU
		{62a7af3d-cd66-ad05-a0a4-4bb99cbd3db8}.Debug|Any CPU.ActiveCfg = Debug|Any CPU
		{62a7af3d-cd66-ad05-a0a4-4bb99cbd3db8}.Debug|Any CPU.Build.0 = Debug|Any CPU
		{b75cc8f3-9cb2-1fc0-03c0-3721a4831bbe}.Debug|Any CPU.ActiveCfg = Debug|Any CPU
		{b75cc8f3-9cb2-1fc0-03c0-3721a4831bbe}.Debug|Any CPU.Build.0 = Debug|Any CPU
		{6112ad59-f5da-ba15-c653-ee2d308476b1}.Debug|Any CPU.ActiveCfg = Debug|Any CPU
		{6112ad59-f5da-ba15-c653-ee2d308476b1}.Debug|Any CPU.Build.0 = Debug|Any CPU
		{ba715c37-ad8b-c0e5-867f-567b23e903af}.Debug|Any CPU.ActiveCfg = Debug|Any CPU
		{ba715c37-ad8b-c0e5-867f-567b23e903af}.Debug|Any CPU.Build.0 = Debug|Any CPU
		{15d91434-aa98-2866-cb5b-3577b82813da}.Debug|Any CPU.ActiveCfg = Debug|Any CPU
		{15d91434-aa98-2866-cb5b-3577b82813da}.Debug|Any CPU.Build.0 = Debug|Any CPU
		{c33b9051-c399-222c-9942-d4ceac70fe4a}.Debug|Any CPU.ActiveCfg = Debug|Any CPU
		{c33b9051-c399-222c-9942-d4ceac70fe4a}.Debug|Any CPU.Build.0 = Debug|Any CPU
		{bb22e578-c7f9-378e-cb07-837dbc7730c5}.Debug|Any CPU.ActiveCfg = Debug|Any CPU
		{bb22e578-c7f9-378e-cb07-837dbc7730c5}.Debug|Any CPU.Build.0 = Debug|Any CPU
		{ab5c5b33-d2ce-cf4b-003e-b961e9dfe467}.Debug|Any CPU.ActiveCfg = Debug|Any CPU
		{ab5c5b33-d2ce-cf4b-003e-b961e9dfe467}.Debug|Any CPU.Build.0 = Debug|Any CPU
		{1190d1ee-d32b-3568-25d4-7ab2edd29d38}.Debug|Any CPU.ActiveCfg = Debug|Any CPU
		{1190d1ee-d32b-3568-25d4-7ab2edd29d38}.Debug|Any CPU.Build.0 = Debug|Any CPU
		{d03aa6d8-f196-58be-2664-f9ea5e65b836}.Debug|Any CPU.ActiveCfg = Debug|Any CPU
		{d03aa6d8-f196-58be-2664-f9ea5e65b836}.Debug|Any CPU.Build.0 = Debug|Any CPU
		{f1c05ec9-c0a4-d6a7-fd3a-fb3288b70e2a}.Debug|Any CPU.ActiveCfg = Debug|Any CPU
		{f1c05ec9-c0a4-d6a7-fd3a-fb3288b70e2a}.Debug|Any CPU.Build.0 = Debug|Any CPU
		{c9f170dc-4ccd-f075-d96f-e356d444cf52}.Debug|Any CPU.ActiveCfg = Debug|Any CPU
		{c9f170dc-4ccd-f075-d96f-e356d444cf52}.Debug|Any CPU.Build.0 = Debug|Any CPU
		{3567cb15-50c7-2470-9c60-fd692e63f6f1}.Debug|Any CPU.ActiveCfg = Debug|Any CPU
		{3567cb15-50c7-2470-9c60-fd692e63f6f1}.Debug|Any CPU.Build.0 = Debug|Any CPU
		{65405493-e274-c934-fcaf-a58736389b66}.Debug|Any CPU.ActiveCfg = Debug|Any CPU
		{65405493-e274-c934-fcaf-a58736389b66}.Debug|Any CPU.Build.0 = Debug|Any CPU
		{d6101169-f72c-ffb0-31c6-0e7330aa95ef}.Debug|Any CPU.ActiveCfg = Debug|Any CPU
		{d6101169-f72c-ffb0-31c6-0e7330aa95ef}.Debug|Any CPU.Build.0 = Debug|Any CPU
		{3ae4c0cc-d2bc-6616-30d7-d0ad41b02694}.Debug|Any CPU.ActiveCfg = Debug|Any CPU
		{3ae4c0cc-d2bc-6616-30d7-d0ad41b02694}.Debug|Any CPU.Build.0 = Debug|Any CPU
		{43221c49-09e0-a736-aa8c-67bf14131070}.Debug|Any CPU.ActiveCfg = Debug|Any CPU
		{43221c49-09e0-a736-aa8c-67bf14131070}.Debug|Any CPU.Build.0 = Debug|Any CPU
		{c911a817-a553-bbb9-c6f7-2c8271804595}.Debug|Any CPU.ActiveCfg = Debug|Any CPU
		{c911a817-a553-bbb9-c6f7-2c8271804595}.Debug|Any CPU.Build.0 = Debug|Any CPU
		{473e3e1c-abdc-828d-ef69-9bb2318a2ebe}.Debug|Any CPU.ActiveCfg = Debug|Any CPU
		{473e3e1c-abdc-828d-ef69-9bb2318a2ebe}.Debug|Any CPU.Build.0 = Debug|Any CPU
		{7d0a6cdd-7029-9a55-ea15-da121f19da88}.Debug|Any CPU.ActiveCfg = Debug|Any CPU
		{7d0a6cdd-7029-9a55-ea15-da121f19da88}.Debug|Any CPU.Build.0 = Debug|Any CPU
		{772fff96-347c-d7eb-6a82-fcdf4a72292c}.Debug|Any CPU.ActiveCfg = Debug|Any CPU
		{772fff96-347c-d7eb-6a82-fcdf4a72292c}.Debug|Any CPU.Build.0 = Debug|Any CPU
		{90d74869-5a0e-b810-7dbe-75c9d6fd33cb}.Debug|Any CPU.ActiveCfg = Debug|Any CPU
		{90d74869-5a0e-b810-7dbe-75c9d6fd33cb}.Debug|Any CPU.Build.0 = Debug|Any CPU
		{af7b1c0f-5f30-4546-d558-827d8a708b82}.Debug|Any CPU.ActiveCfg = Debug|Any CPU
		{af7b1c0f-5f30-4546-d558-827d8a708b82}.Debug|Any CPU.Build.0 = Debug|Any CPU
		{ec0a3505-c8d9-af6f-b3a1-926331a585c7}.Debug|Any CPU.ActiveCfg = Debug|Any CPU
		{ec0a3505-c8d9-af6f-b3a1-926331a585c7}.Debug|Any CPU.Build.0 = Debug|Any CPU
		{9e5632a9-a810-5810-39ea-ae8a90870d3e}.Debug|Any CPU.ActiveCfg = Debug|Any CPU
		{9e5632a9-a810-5810-39ea-ae8a90870d3e}.Debug|Any CPU.Build.0 = Debug|Any CPU
		{0664cdf0-d8d5-3153-5e85-f2e0364c0344}.Debug|Any CPU.ActiveCfg = Debug|Any CPU
		{0664cdf0-d8d5-3153-5e85-f2e0364c0344}.Debug|Any CPU.Build.0 = Debug|Any CPU
		{4915a765-d8b2-8ef8-25b9-9318ac9a327b}.Debug|Any CPU.ActiveCfg = Debug|Any CPU
		{4915a765-d8b2-8ef8-25b9-9318ac9a327b}.Debug|Any CPU.Build.0 = Debug|Any CPU
		{2006b78b-32bd-15fa-65b6-17b520da79a2}.Debug|Any CPU.ActiveCfg = Debug|Any CPU
		{2006b78b-32bd-15fa-65b6-17b520da79a2}.Debug|Any CPU.Build.0 = Debug|Any CPU
		{0a4efa2d-b820-ba82-4673-275ab76f3482}.Debug|Any CPU.ActiveCfg = Debug|Any CPU
		{0a4efa2d-b820-ba82-4673-275ab76f3482}.Debug|Any CPU.Build.0 = Debug|Any CPU
		{f0897ba8-8841-4ede-a94f-3ec51f1be669}.Debug|Any CPU.ActiveCfg = Debug|Any CPU
		{f0897ba8-8841-4ede-a94f-3ec51f1be669}.Debug|Any CPU.Build.0 = Debug|Any CPU
		{23f42456-f4ff-566b-eeef-0c078d313fee}.Debug|Any CPU.ActiveCfg = Debug|Any CPU
		{23f42456-f4ff-566b-eeef-0c078d313fee}.Debug|Any CPU.Build.0 = Debug|Any CPU
		{581cbaaf-0159-5a70-e93e-f98026bff899}.Debug|Any CPU.ActiveCfg = Debug|Any CPU
		{581cbaaf-0159-5a70-e93e-f98026bff899}.Debug|Any CPU.Build.0 = Debug|Any CPU
		{148ffae8-1d4e-96a3-000e-04a32949eb64}.Debug|Any CPU.ActiveCfg = Debug|Any CPU
		{148ffae8-1d4e-96a3-000e-04a32949eb64}.Debug|Any CPU.Build.0 = Debug|Any CPU
		{87724e46-01c8-0693-8a4f-5ece65a85744}.Debug|Any CPU.ActiveCfg = Debug|Any CPU
		{87724e46-01c8-0693-8a4f-5ece65a85744}.Debug|Any CPU.Build.0 = Debug|Any CPU
		{6776e5b2-b524-0ae5-cd3c-b15ac1ae7f39}.Debug|Any CPU.ActiveCfg = Debug|Any CPU
		{6776e5b2-b524-0ae5-cd3c-b15ac1ae7f39}.Debug|Any CPU.Build.0 = Debug|Any CPU
		{5d5bd362-758e-7311-8f84-d3cbfd5daeff}.Debug|Any CPU.ActiveCfg = Debug|Any CPU
		{5d5bd362-758e-7311-8f84-d3cbfd5daeff}.Debug|Any CPU.Build.0 = Debug|Any CPU
		{a5e1341c-bad6-c734-d2dc-ca6f73dff9a3}.Debug|Any CPU.ActiveCfg = Debug|Any CPU
		{a5e1341c-bad6-c734-d2dc-ca6f73dff9a3}.Debug|Any CPU.Build.0 = Debug|Any CPU
		{d8b9fd54-de98-46ff-a6f2-3b651f886dc6}.Debug|Any CPU.ActiveCfg = Debug|Any CPU
		{d8b9fd54-de98-46ff-a6f2-3b651f886dc6}.Debug|Any CPU.Build.0 = Debug|Any CPU
		{eb973cc7-d8dc-9b95-8fa2-a5ac98190447}.Debug|Any CPU.ActiveCfg = Debug|Any CPU
		{eb973cc7-d8dc-9b95-8fa2-a5ac98190447}.Debug|Any CPU.Build.0 = Debug|Any CPU
		{9fd08614-9764-3999-05c2-d7f4b1a3fe2a}.Debug|Any CPU.ActiveCfg = Debug|Any CPU
		{9fd08614-9764-3999-05c2-d7f4b1a3fe2a}.Debug|Any CPU.Build.0 = Debug|Any CPU
		{40182b1e-4986-e08d-fe48-a1c6ff599b0d}.Debug|Any CPU.ActiveCfg = Debug|Any CPU
		{40182b1e-4986-e08d-fe48-a1c6ff599b0d}.Debug|Any CPU.Build.0 = Debug|Any CPU
		{2bb7f0a2-82e3-9e55-89fa-af1aa71d79c3}.Debug|Any CPU.ActiveCfg = Debug|Any CPU
		{2bb7f0a2-82e3-9e55-89fa-af1aa71d79c3}.Debug|Any CPU.Build.0 = Debug|Any CPU
		{33d4b84c-ac06-e310-9574-42f188956053}.Debug|Any CPU.ActiveCfg = Debug|Any CPU
		{33d4b84c-ac06-e310-9574-42f188956053}.Debug|Any CPU.Build.0 = Debug|Any CPU
		{67078df6-a576-13d7-16f6-bc0d89726d6b}.Debug|Any CPU.ActiveCfg = Debug|Any CPU
		{67078df6-a576-13d7-16f6-bc0d89726d6b}.Debug|Any CPU.Build.0 = Debug|Any CPU
		{d037f8ca-0a6b-8e7e-146a-27d97f372a22}.Debug|Any CPU.ActiveCfg = Debug|Any CPU
		{d037f8ca-0a6b-8e7e-146a-27d97f372a22}.Debug|Any CPU.Build.0 = Debug|Any CPU
		{fea5bf08-2de9-c96e-f349-5e6eb639401f}.Debug|Any CPU.ActiveCfg = Debug|Any CPU
		{fea5bf08-2de9-c96e-f349-5e6eb639401f}.Debug|Any CPU.Build.0 = Debug|Any CPU
		{3e82cbba-3148-567a-b093-fbf5afbb015a}.Debug|Any CPU.ActiveCfg = Debug|Any CPU
		{3e82cbba-3148-567a-b093-fbf5afbb015a}.Debug|Any CPU.Build.0 = Debug|Any CPU
		{3fc3e0d5-b37b-3bdb-e676-168b7a72aaf9}.Debug|Any CPU.ActiveCfg = Debug|Any CPU
		{3fc3e0d5-b37b-3bdb-e676-168b7a72aaf9}.Debug|Any CPU.Build.0 = Debug|Any CPU
		{f9dab51b-31a3-82aa-b020-ed3b2746646a}.Debug|Any CPU.ActiveCfg = Debug|Any CPU
		{f9dab51b-31a3-82aa-b020-ed3b2746646a}.Debug|Any CPU.Build.0 = Debug|Any CPU
	EndGlobalSection
	GlobalSection(SolutionProperties) = preSolution
		HideSolutionNode = FALSE
	EndGlobalSection
EndGlobal
