
Microsoft Visual Studio Solution File, Format Version 11.00
# Visual Studio 2010
Project("{FAE04EC0-301F-11D3-BF4B-00C04F79EFBC}") = "Unity.Timeline", "Unity.Timeline.csproj", "{9b3d9784-b7e2-4053-d18b-582259529a6f}"
EndProject
Project("{FAE04EC0-301F-11D3-BF4B-00C04F79EFBC}") = "Unity.InputSystem", "Unity.InputSystem.csproj", "{c75545ef-64cf-8ba9-4359-f0ee3ed1255c}"
EndProject
Project("{FAE04EC0-301F-11D3-BF4B-00C04F79EFBC}") = "Unity.XR.Management", "Unity.XR.Management.csproj", "{d82c3005-8283-a074-ea3e-6bb6a7fee079}"
EndProject
Project("{FAE04EC0-301F-11D3-BF4B-00C04F79EFBC}") = "Assembly-CSharp", "Assembly-CSharp.csproj", "{024c233c-9249-b12b-909d-35de359534cb}"
EndProject
Project("{FAE04EC0-301F-11D3-BF4B-00C04F79EFBC}") = "Unity.VisualScripting.Flow", "Unity.VisualScripting.Flow.csproj", "{8d50f125-666c-bed2-6050-82eeed852435}"
EndProject
Project("{FAE04EC0-301F-11D3-BF4B-00C04F79EFBC}") = "Unity.XR.Interaction.Toolkit", "Unity.XR.Interaction.Toolkit.csproj", "{6cc15a1a-d165-a168-b070-a082fc4fc796}"
EndProject
Project("{FAE04EC0-301F-11D3-BF4B-00C04F79EFBC}") = "Unity.XR.Interaction.Toolkit.Editor", "Unity.XR.Interaction.Toolkit.Editor.csproj", "{978f99c7-660e-99c6-bf19-067ef3b9073f}"
EndProject
Project("{FAE04EC0-301F-11D3-BF4B-00C04F79EFBC}") = "Unity.Timeline.Editor", "Unity.Timeline.Editor.csproj", "{c356cb27-a537-1e88-70e2-04cd8d3bef9d}"
EndProject
Project("{FAE04EC0-301F-11D3-BF4B-00C04F79EFBC}") = "Unity.PlasticSCM.Editor", "Unity.PlasticSCM.Editor.csproj", "{ecc30b0d-a1cc-0997-6c46-8ee6b5479753}"
EndProject
Project("{FAE04EC0-301F-11D3-BF4B-00C04F79EFBC}") = "Unity.XR.CoreUtils.Editor", "Unity.XR.CoreUtils.Editor.csproj", "{2c003048-49a7-ee45-8d84-42d41a33ed5c}"
EndProject
Project("{FAE04EC0-301F-11D3-BF4B-00C04F79EFBC}") = "Unity.Mathematics", "Unity.Mathematics.csproj", "{9deb48db-debe-deb6-4c50-03cd789f25c1}"
EndProject
Project("{FAE04EC0-301F-11D3-BF4B-00C04F79EFBC}") = "Unity.XR.Interaction.Toolkit.Samples.Hands", "Unity.XR.Interaction.Toolkit.Samples.Hands.csproj", "{24742019-d206-ec00-48ab-11bd656d6364}"
EndProject
Project("{FAE04EC0-301F-11D3-BF4B-00C04F79EFBC}") = "Unity.VisualScripting.Core.Editor", "Unity.VisualScripting.Core.Editor.csproj", "{27538aa4-ddf4-9ce6-0cc4-7354a2f54b95}"
EndProject
Project("{FAE04EC0-301F-11D3-BF4B-00C04F79EFBC}") = "UnityEditor.TestRunner", "UnityEditor.TestRunner.csproj", "{f1a42315-05db-d78d-db77-b4fea52fef38}"
EndProject
Project("{FAE04EC0-301F-11D3-BF4B-00C04F79EFBC}") = "Unity.XR.CoreUtils", "Unity.XR.CoreUtils.csproj", "{ce5865eb-20b2-77f3-ae52-4bf371e57afc}"
EndProject
Project("{FAE04EC0-301F-11D3-BF4B-00C04F79EFBC}") = "Unity.TextMeshPro.Editor", "Unity.TextMeshPro.Editor.csproj", "{a748bfa3-da0e-4487-74b4-219d3e24c214}"
EndProject
Project("{FAE04EC0-301F-11D3-BF4B-00C04F79EFBC}") = "UnityEngine.TestRunner", "UnityEngine.TestRunner.csproj", "{faed52f8-001b-3599-3eba-88e26bd9030c}"
EndProject
Project("{FAE04EC0-301F-11D3-BF4B-00C04F79EFBC}") = "Unity.VisualScripting.Core", "Unity.VisualScripting.Core.csproj", "{38da8f60-71d9-6ab9-e07b-fe57cc62664b}"
EndProject
Project("{FAE04EC0-301F-11D3-BF4B-00C04F79EFBC}") = "Unity.VisualScripting.Flow.Editor", "Unity.VisualScripting.Flow.Editor.csproj", "{191daef0-7cd9-a4f3-81bb-c8649c38e29c}"
EndProject
Project("{FAE04EC0-301F-11D3-BF4B-00C04F79EFBC}") = "Unity.Searcher.Editor", "Unity.Searcher.Editor.csproj", "{250249b2-b2f3-746e-1326-62551a18a48d}"
EndProject
Project("{FAE04EC0-301F-11D3-BF4B-00C04F79EFBC}") = "Unity.Burst", "Unity.Burst.csproj", "{9d0841ba-b5be-d3a3-c195-c715da281ef9}"
EndProject
Project("{FAE04EC0-301F-11D3-BF4B-00C04F79EFBC}") = "Unity.XR.Oculus", "Unity.XR.Oculus.csproj", "{e2bc0c5f-2eb5-e159-a9ab-b310837c0928}"
EndProject
Project("{FAE04EC0-301F-11D3-BF4B-00C04F79EFBC}") = "Unity.Tutorials.Core.Editor", "Unity.Tutorials.Core.Editor.csproj", "{d671b641-3bc6-92d6-c723-0ae4a94050b4}"
EndProject
Project("{FAE04EC0-301F-11D3-BF4B-00C04F79EFBC}") = "Unity.VisualStudio.Editor", "Unity.VisualStudio.Editor.csproj", "{2c2dd7de-7452-d47e-5811-ed02f694ea1c}"
EndProject
Project("{FAE04EC0-301F-11D3-BF4B-00C04F79EFBC}") = "Unity.XR.Oculus.Editor", "Unity.XR.Oculus.Editor.csproj", "{18df0a43-cb6e-3174-50e0-ddefb8ce1b4b}"
EndProject
Project("{FAE04EC0-301F-11D3-BF4B-00C04F79EFBC}") = "Unity.XR.OpenXR", "Unity.XR.OpenXR.csproj", "{bda7bb99-ea7d-23d3-880a-bdb6582526b2}"
EndProject
Project("{FAE04EC0-301F-11D3-BF4B-00C04F79EFBC}") = "Unity.XR.Hands", "Unity.XR.Hands.csproj", "{c32c069f-9add-9aeb-1250-3e20be63d2b7}"
EndProject
Project("{FAE04EC0-301F-11D3-BF4B-00C04F79EFBC}") = "Unity.TestTools.CodeCoverage.Editor.OpenCover.Model", "Unity.TestTools.CodeCoverage.Editor.OpenCover.Model.csproj", "{13023bfc-3593-ee1d-2d75-18a36b349674}"
EndProject
Project("{FAE04EC0-301F-11D3-BF4B-00C04F79EFBC}") = "Unity.Rider.Editor", "Unity.Rider.Editor.csproj", "{080851b5-db41-e1af-f728-b634507c5e5f}"
EndProject
Project("{FAE04EC0-301F-11D3-BF4B-00C04F79EFBC}") = "Unity.XR.OpenXR.Editor", "Unity.XR.OpenXR.Editor.csproj", "{d4cb1f06-863d-b26b-0801-5d1d299650bb}"
EndProject
Project("{FAE04EC0-301F-11D3-BF4B-00C04F79EFBC}") = "Unity.VisualScripting.State.Editor", "Unity.VisualScripting.State.Editor.csproj", "{ed0270f1-6b5e-5e9f-ae88-934933ce0e64}"
EndProject
Project("{FAE04EC0-301F-11D3-BF4B-00C04F79EFBC}") = "Assembly-CSharp-Editor", "Assembly-CSharp-Editor.csproj", "{d181e7e4-12b8-c135-c2e6-6802b6e8d948}"
EndProject
Project("{FAE04EC0-301F-11D3-BF4B-00C04F79EFBC}") = "Unity.TestTools.CodeCoverage.Editor", "Unity.TestTools.CodeCoverage.Editor.csproj", "{2c08e7b1-0701-4d27-e693-536dc9eec315}"
EndProject
Project("{FAE04EC0-301F-11D3-BF4B-00C04F79EFBC}") = "Unity.Burst.CodeGen", "Unity.Burst.CodeGen.csproj", "{aba7be6d-41d3-ac36-4e71-52b5b4653605}"
EndProject
Project("{FAE04EC0-301F-11D3-BF4B-00C04F79EFBC}") = "Unity.Postprocessing.Runtime", "Unity.Postprocessing.Runtime.csproj", "{a0e14a0d-8c26-e4ec-f15f-e8723d760c94}"
EndProject
Project("{FAE04EC0-301F-11D3-BF4B-00C04F79EFBC}") = "Unity.Postprocessing.Editor", "Unity.Postprocessing.Editor.csproj", "{83c8f84e-2dd4-16d9-57ad-63473427d0d2}"
EndProject
Project("{FAE04EC0-301F-11D3-BF4B-00C04F79EFBC}") = "Unity.VisualScripting.State", "Unity.VisualScripting.State.csproj", "{aaddcfbf-7105-0a9c-3159-4b1c0c215ac0}"
EndProject
Project("{FAE04EC0-301F-11D3-BF4B-00C04F79EFBC}") = "Unity.TextMeshPro", "Unity.TextMeshPro.csproj", "{3e4ce1ef-770e-60ee-6e42-4383d7b43ab2}"
EndProject
Project("{FAE04EC0-301F-11D3-BF4B-00C04F79EFBC}") = "Unity.XR.Management.Editor", "Unity.XR.Management.Editor.csproj", "{6d1bd0a9-f263-0faa-d87c-7ae57c26cd93}"
EndProject
Project("{FAE04EC0-301F-11D3-BF4B-00C04F79EFBC}") = "Unity.Performance.Profile-Analyzer.Editor", "Unity.Performance.Profile-Analyzer.Editor.csproj", "{3b91ae9b-92be-d44a-9ae5-8ea3d6655042}"
EndProject
Project("{FAE04EC0-301F-11D3-BF4B-00C04F79EFBC}") = "Uween.Runtime", "Uween.Runtime.csproj", "{c4bd9833-9deb-af4d-6663-255140822a7d}"
EndProject
Project("{FAE04EC0-301F-11D3-BF4B-00C04F79EFBC}") = "Unity.XR.Content.Interaction", "Unity.XR.Content.Interaction.csproj", "{11f83b97-8fb8-bc24-f12f-c65f5f1eebc2}"
EndProject
Project("{FAE04EC0-301F-11D3-BF4B-00C04F79EFBC}") = "Unity.XR.Interaction.Toolkit.Samples.DeviceSimulator", "Unity.XR.Interaction.Toolkit.Samples.DeviceSimulator.csproj", "{a8f36d10-52fc-0602-c4a8-026dfd785e03}"
EndProject
Project("{FAE04EC0-301F-11D3-BF4B-00C04F79EFBC}") = "Unity.VisualScripting.SettingsProvider.Editor", "Unity.VisualScripting.SettingsProvider.Editor.csproj", "{528bfd77-0b6f-42ed-76cd-4c32d2b8e040}"
EndProject
Project("{FAE04EC0-301F-11D3-BF4B-00C04F79EFBC}") = "Unity.VSCode.Editor", "Unity.VSCode.Editor.csproj", "{0ae23219-d482-7373-8f07-3963509465e7}"
EndProject
Project("{FAE04EC0-301F-11D3-BF4B-00C04F79EFBC}") = "Unity.Burst.Editor", "Unity.Burst.Editor.csproj", "{3ff4c059-f3e6-482e-fc79-1a07ee69caf0}"
EndProject
Project("{FAE04EC0-301F-11D3-BF4B-00C04F79EFBC}") = "Unity.TestTools.CodeCoverage.Editor.OpenCover.Mono.Reflection", "Unity.TestTools.CodeCoverage.Editor.OpenCover.Mono.Reflection.csproj", "{4b27ce3c-b04f-ed9c-dfcd-db9a0809476c}"
EndProject
Project("{FAE04EC0-301F-11D3-BF4B-00C04F79EFBC}") = "Unity.Settings.Editor", "Unity.Settings.Editor.csproj", "{684c6c89-1d16-cecb-ee5a-5bcec9f14586}"
EndProject
Project("{FAE04EC0-301F-11D3-BF4B-00C04F79EFBC}") = "Unity.InternalAPIEngineBridge.007", "Unity.InternalAPIEngineBridge.007.csproj", "{e21fc0ef-842e-333e-58bd-0fe7becbbedd}"
EndProject
Project("{FAE04EC0-301F-11D3-BF4B-00C04F79EFBC}") = "Unity.InternalAPIEditorBridge.007", "Unity.InternalAPIEditorBridge.007.csproj", "{8dfceb70-27f9-ac8d-f022-336b191997d1}"
EndProject
Project("{FAE04EC0-301F-11D3-BF4B-00C04F79EFBC}") = "UnityEngine.SpatialTracking", "UnityEngine.SpatialTracking.csproj", "{034ab43b-4267-1c65-4211-50af0bea820f}"
EndProject
Project("{FAE04EC0-301F-11D3-BF4B-00C04F79EFBC}") = "Unity.InputSystem.ForUI", "Unity.InputSystem.ForUI.csproj", "{6f0be706-c6c8-742b-c716-9baad5939d01}"
EndProject
Project("{FAE04EC0-301F-11D3-BF4B-00C04F79EFBC}") = "Unity.Mathematics.Editor", "Unity.Mathematics.Editor.csproj", "{ba184641-8f27-0eec-5fd2-975dc46c6546}"
EndProject
Project("{FAE04EC0-301F-11D3-BF4B-00C04F79EFBC}") = "Unity.XR.Hands.Editor", "Unity.XR.Hands.Editor.csproj", "{f7996e5f-8453-4c36-1af7-9b87364dd0cc}"
EndProject
Project("{FAE04EC0-301F-11D3-BF4B-00C04F79EFBC}") = "Unity.Tutorials.Core", "Unity.Tutorials.Core.csproj", "{d090c300-fc44-adee-eb6a-6e8dd91a7a36}"
EndProject
Project("{FAE04EC0-301F-11D3-BF4B-00C04F79EFBC}") = "UnityEditor.SpatialTracking", "UnityEditor.SpatialTracking.csproj", "{4fa1c7c7-0a00-fd0b-a249-dfd4e2085a76}"
EndProject
Project("{FAE04EC0-301F-11D3-BF4B-00C04F79EFBC}") = "Unity.XR.Interaction.Toolkit.Samples.StarterAssets.Editor", "Unity.XR.Interaction.Toolkit.Samples.StarterAssets.Editor.csproj", "{a1dd3aaf-9dd4-9bb7-da7a-de525725cd80}"
EndProject
Project("{FAE04EC0-301F-11D3-BF4B-00C04F79EFBC}") = "Unity.XR.Content.Interaction.Analytics", "Unity.XR.Content.Interaction.Analytics.csproj", "{75c1118b-c602-8db0-3876-0eec6cba4b09}"
EndProject
Project("{FAE04EC0-301F-11D3-BF4B-00C04F79EFBC}") = "Unity.XR.OpenXR.Features.MetaQuestSupport.Editor", "Unity.XR.OpenXR.Features.MetaQuestSupport.Editor.csproj", "{11fd8166-6fb7-b9fa-9f70-f1f44fe30380}"
EndProject
Project("{FAE04EC0-301F-11D3-BF4B-00C04F79EFBC}") = "Unity.InputSystem.TestFramework", "Unity.InputSystem.TestFramework.csproj", "{0f852938-5e43-3928-6290-0374d1ce917c}"
EndProject
Project("{FAE04EC0-301F-11D3-BF4B-00C04F79EFBC}") = "Unity.XR.OpenXR.Features.RuntimeDebugger.Editor", "Unity.XR.OpenXR.Features.RuntimeDebugger.Editor.csproj", "{dc9ed507-f6bf-4303-0df6-9dca40b1bbf6}"
EndProject
Project("{FAE04EC0-301F-11D3-BF4B-00C04F79EFBC}") = "UnityEditor.XR.LegacyInputHelpers", "UnityEditor.XR.LegacyInputHelpers.csproj", "{6eeb9a5c-3df2-4e36-30a7-fc47766e6056}"
EndProject
Project("{FAE04EC0-301F-11D3-BF4B-00C04F79EFBC}") = "Unity.XR.Hands.Samples.VisualizerSample", "Unity.XR.Hands.Samples.VisualizerSample.csproj", "{d78d1f23-cf66-f4ba-9922-13c09bb7fd8b}"
EndProject
Project("{FAE04EC0-301F-11D3-BF4B-00C04F79EFBC}") = "Unity.VisualScripting.Shared.Editor", "Unity.VisualScripting.Shared.Editor.csproj", "{3be464f4-6ae3-43e3-3d7e-a632195a29d7}"
EndProject
Project("{FAE04EC0-301F-11D3-BF4B-00C04F79EFBC}") = "Unity.XR.Interaction.Toolkit.Samples.Hands.Editor", "Unity.XR.Interaction.Toolkit.Samples.Hands.Editor.csproj", "{ed3bed14-fb4a-9eb6-12d9-c1417e21f0e5}"
EndProject
Project("{FAE04EC0-301F-11D3-BF4B-00C04F79EFBC}") = "Unity.XR.OpenXR.Features.OculusQuestSupport.Editor", "Unity.XR.OpenXR.Features.OculusQuestSupport.Editor.csproj", "{a9d93adb-4078-64ab-60f8-10bdcfb251fb}"
EndProject
Project("{FAE04EC0-301F-11D3-BF4B-00C04F79EFBC}") = "Unity.EditorCoroutines.Editor", "Unity.EditorCoroutines.Editor.csproj", "{fed90af3-fd61-98c5-f809-28409d7a2534}"
EndProject
Project("{FAE04EC0-301F-11D3-BF4B-00C04F79EFBC}") = "Unity.XR.OpenXR.Features.ConformanceAutomation", "Unity.XR.OpenXR.Features.ConformanceAutomation.csproj", "{2a52210b-653e-4ac4-0de4-c7b870f14935}"
EndProject
Project("{FAE04EC0-301F-11D3-BF4B-00C04F79EFBC}") = "UnityEngine.XR.LegacyInputHelpers", "UnityEngine.XR.LegacyInputHelpers.csproj", "{b370de07-9f1d-22f3-71ae-1e0c295a224c}"
EndProject
Project("{FAE04EC0-301F-11D3-BF4B-00C04F79EFBC}") = "Unity.XR.Interaction.Toolkit.Samples.StarterAssets", "Unity.XR.Interaction.Toolkit.Samples.StarterAssets.csproj", "{c56688ea-02b5-5773-544a-e7f8092702dd}"
EndProject
Project("{FAE04EC0-301F-11D3-BF4B-00C04F79EFBC}") = "Unity.XR.OpenXR.Features.OculusQuestSupport", "Unity.XR.OpenXR.Features.OculusQuestSupport.csproj", "{b0e1a268-6077-80b0-7a98-131d93f84dce}"
EndProject
Project("{FAE04EC0-301F-11D3-BF4B-00C04F79EFBC}") = "Unity.XR.OpenXR.Features.MockRuntime", "Unity.XR.OpenXR.Features.MockRuntime.csproj", "{466e6300-a6e8-a49f-7e11-732ff30d8c1a}"
EndProject
Project("{FAE04EC0-301F-11D3-BF4B-00C04F79EFBC}") = "Unity.XR.OpenXR.Features.RuntimeDebugger", "Unity.XR.OpenXR.Features.RuntimeDebugger.csproj", "{5cf0b535-f33d-fb8e-43a1-2363f67ae15f}"
EndProject
Project("{FAE04EC0-301F-11D3-BF4B-00C04F79EFBC}") = "Unity.XR.OpenXR.Features.MetaQuestSupport", "Unity.XR.OpenXR.Features.MetaQuestSupport.csproj", "{fcbefdcd-d522-b5d7-1333-6c44b81f731e}"
EndProject
Project("{FAE04EC0-301F-11D3-BF4B-00C04F79EFBC}") = "Unity.CollabProxy.Editor", "Unity.CollabProxy.Editor.csproj", "{0da098a7-4344-a842-0710-c167fdce7825}"
EndProject
Project("{FAE04EC0-301F-11D3-BF4B-00C04F79EFBC}") = "Unity.XR.OpenXR.Tests", "Unity.XR.OpenXR.Tests.csproj", "{b2b8f4ea-1b7f-22e8-d9d4-8b9925c29d44}"
EndProject
Project("{FAE04EC0-301F-11D3-BF4B-00C04F79EFBC}") = "Unity.Mathematics.Tests", "Unity.Mathematics.Tests.csproj", "{2dab2a13-be4a-dcf4-fd53-264865bb6777}"
EndProject
Project("{FAE04EC0-301F-11D3-BF4B-00C04F79EFBC}") = "Unity.Tutorials.Core.Editor.Tests", "Unity.Tutorials.Core.Editor.Tests.csproj", "{dfa4eb17-85cb-1639-06fd-b7521c17e56d}"
EndProject
Project("{FAE04EC0-301F-11D3-BF4B-00C04F79EFBC}") = "Unity.XR.Interaction.Toolkit.Editor.Tests", "Unity.XR.Interaction.Toolkit.Editor.Tests.csproj", "{8ceacf12-e5d8-c516-5b3d-3262d6ee4b9c}"
EndProject
Project("{FAE04EC0-301F-11D3-BF4B-00C04F79EFBC}") = "Unity.Burst.Tests.UnitTests", "Unity.Burst.Tests.UnitTests.csproj", "{82382d8a-b67a-81ae-6aef-f5c53e5f0775}"
EndProject
Project("{FAE04EC0-301F-11D3-BF4B-00C04F79EFBC}") = "Unity.XR.Hands.Editor.Tests", "Unity.XR.Hands.Editor.Tests.csproj", "{04b966fe-0671-4bb3-8dc3-b2fb8ace8f7c}"
EndProject
Project("{FAE04EC0-301F-11D3-BF4B-00C04F79EFBC}") = "Unity.Searcher.EditorTests", "Unity.Searcher.EditorTests.csproj", "{7a9bcffd-bad8-10eb-c73c-cc724d70f774}"
EndProject
Project("{FAE04EC0-301F-11D3-BF4B-00C04F79EFBC}") = "Unity.Postprocessing.Runtime.Tests", "Unity.Postprocessing.Runtime.Tests.csproj", "{c6fe9651-7504-29d2-7013-44bf7807d7eb}"
EndProject
Project("{FAE04EC0-301F-11D3-BF4B-00C04F79EFBC}") = "Unity.XR.Management.EditorTests", "Unity.XR.Management.EditorTests.csproj", "{02cb04fd-5eec-d17a-1afb-01509f24c7f7}"
EndProject
Project("{FAE04EC0-301F-11D3-BF4B-00C04F79EFBC}") = "Unity.Burst.Editor.Tests", "Unity.Burst.Editor.Tests.csproj", "{e8d5baf9-413a-df7e-0298-8c77faaf6ba9}"
EndProject
Project("{FAE04EC0-301F-11D3-BF4B-00C04F79EFBC}") = "Unity.TestTools.CodeCoverage.Editor.Compatibility", "Unity.TestTools.CodeCoverage.Editor.Compatibility.csproj", "{6265d43c-9458-cbdb-1a73-d125c68e2065}"
EndProject
Project("{FAE04EC0-301F-11D3-BF4B-00C04F79EFBC}") = "UnityEditor.XR.LegacyInputHelpers.Tests", "UnityEditor.XR.LegacyInputHelpers.Tests.csproj", "{8111abaf-fd62-00b8-0981-79392631aab6}"
EndProject
Project("{FAE04EC0-301F-11D3-BF4B-00C04F79EFBC}") = "Unity.TextMeshPro.Editor.Tests", "Unity.TextMeshPro.Editor.Tests.csproj", "{b177aad5-2842-68af-8fff-99f7ec17503d}"
EndProject
Project("{FAE04EC0-301F-11D3-BF4B-00C04F79EFBC}") = "DocCodeExamples", "DocCodeExamples.csproj", "{fd38ca32-36d1-e1e6-3ffc-2a818a2aedd4}"
EndProject
Project("{FAE04EC0-301F-11D3-BF4B-00C04F79EFBC}") = "Unity.XR.Management.TestPackage.Editor", "Unity.XR.Management.TestPackage.Editor.csproj", "{c18de2ef-b960-689b-760c-25b93b1c1e5f}"
EndProject
Project("{FAE04EC0-301F-11D3-BF4B-00C04F79EFBC}") = "Unity.XR.OpenXR.Tests.Editor", "Unity.XR.OpenXR.Tests.Editor.csproj", "{1337df35-7e69-42b2-0548-9237e6c795fd}"
EndProject
Project("{FAE04EC0-301F-11D3-BF4B-00C04F79EFBC}") = "Unity.XR.TestSupport", "Unity.XR.TestSupport.csproj", "{ad9d39a3-10bf-f7dc-6ab8-c6dd812f11b2}"
EndProject
Project("{FAE04EC0-301F-11D3-BF4B-00C04F79EFBC}") = "Unity.XR.Management.Tests.Standalone", "Unity.XR.Management.Tests.Standalone.csproj", "{d73ed553-6b8c-d024-da7a-abd43a850397}"
EndProject
Project("{FAE04EC0-301F-11D3-BF4B-00C04F79EFBC}") = "Unity.Performance.Profile-Analyzer.EditorTests", "Unity.Performance.Profile-Analyzer.EditorTests.csproj", "{ae4b153f-266e-6837-1234-8ae23d3253f7}"
EndProject
Project("{FAE04EC0-301F-11D3-BF4B-00C04F79EFBC}") = "Unity.XR.CoreUtils.EditorTests", "Unity.XR.CoreUtils.EditorTests.csproj", "{d5c9a392-01d4-7d2e-46f9-db0bd7c10a6c}"
EndProject
Project("{FAE04EC0-301F-11D3-BF4B-00C04F79EFBC}") = "Unity.Settings.Tests", "Unity.Settings.Tests.csproj", "{87ed2bbc-bf81-6f18-5394-06fa298b4b0d}"
EndProject
Project("{FAE04EC0-301F-11D3-BF4B-00C04F79EFBC}") = "Unity.XR.CoreUtils.Tests", "Unity.XR.CoreUtils.Tests.csproj", "{c7bd32c3-c7e1-807b-4021-acb2dad096c9}"
EndProject
Project("{FAE04EC0-301F-11D3-BF4B-00C04F79EFBC}") = "Unity.XR.Management.Tests", "Unity.XR.Management.Tests.csproj", "{4099444a-ca74-90bd-9628-fc96e87d7a77}"
EndProject
Project("{FAE04EC0-301F-11D3-BF4B-00C04F79EFBC}") = "Unity.InputSystem.IntegrationTests", "Unity.InputSystem.IntegrationTests.csproj", "{539bc493-38bb-7614-9827-be1eb943ef8a}"
EndProject
Project("{FAE04EC0-301F-11D3-BF4B-00C04F79EFBC}") = "Unity.XR.Interaction.Toolkit.Tests", "Unity.XR.Interaction.Toolkit.Tests.csproj", "{8145bc47-4faf-ee5e-b5a6-f605d9aba172}"
EndProject
Project("{FAE04EC0-301F-11D3-BF4B-00C04F79EFBC}") = "Unity.XR.Management.TestPackage", "Unity.XR.Management.TestPackage.csproj", "{0f3b6bd3-29b7-c1df-2c9f-716015d71d78}"
EndProject
Project("{FAE04EC0-301F-11D3-BF4B-00C04F79EFBC}") = "Unity.Tutorials.Core.Tests", "Unity.Tutorials.Core.Tests.csproj", "{692e2bc7-4c3d-5d43-3936-add81420822a}"
EndProject
Project("{FAE04EC0-301F-11D3-BF4B-00C04F79EFBC}") = "Unity.XR.Hands.Tests", "Unity.XR.Hands.Tests.csproj", "{4481363a-b7bc-aa91-2b08-395cabe426e8}"
EndProject
Project("{FAE04EC0-301F-11D3-BF4B-00C04F79EFBC}") = "Unity.TextMeshPro.Tests", "Unity.TextMeshPro.Tests.csproj", "{f447495c-066e-5374-8b6d-8b23f3248076}"
EndProject
Project("{FAE04EC0-301F-11D3-BF4B-00C04F79EFBC}") = "SeparateAssembly", "SeparateAssembly.csproj", "{c4398c9e-1247-bcef-15e5-6fd25f533a13}"
EndProject
Project("{FAE04EC0-301F-11D3-BF4B-00C04F79EFBC}") = "Unity.XR.CoreUtils.CodeSamples.Tests", "Unity.XR.CoreUtils.CodeSamples.Tests.csproj", "{3be09b15-9dc7-b460-7034-6ef3db675bd7}"
EndProject
Project("{FAE04EC0-301F-11D3-BF4B-00C04F79EFBC}") = "Unity.Postprocessing.Editor.Tests", "Unity.Postprocessing.Editor.Tests.csproj", "{52f311cf-1d82-3e45-3c06-a5e69529fb35}"
EndProject
Project("{FAE04EC0-301F-11D3-BF4B-00C04F79EFBC}") = "UnityEngine.SpatialTracking.Tests", "UnityEngine.SpatialTracking.Tests.csproj", "{ac82bb42-0099-5906-5b46-5c3b8a41ac03}"
EndProject
Project("{FAE04EC0-301F-11D3-BF4B-00C04F79EFBC}") = "Assembly-CSharp-firstpass", "Assembly-CSharp-firstpass.csproj", "{febfb9d2-48d0-d699-22d4-41de58c5bea3}"
EndProject
Project("{FAE04EC0-301F-11D3-BF4B-00C04F79EFBC}") = "OverloadedFunctionPointers", "OverloadedFunctionPointers.csproj", "{6d089b93-8159-16c5-2565-d003f46e82da}"
EndProject
Global
	GlobalSection(SolutionConfigurationPlatforms) = preSolution
		Debug|Any CPU = Debug|Any CPU
	EndGlobalSection
	GlobalSection(ProjectConfigurationPlatforms) = postSolution
		{9b3d9784-b7e2-4053-d18b-582259529a6f}.Debug|Any CPU.ActiveCfg = Debug|Any CPU
		{9b3d9784-b7e2-4053-d18b-582259529a6f}.Debug|Any CPU.Build.0 = Debug|Any CPU
		{c75545ef-64cf-8ba9-4359-f0ee3ed1255c}.Debug|Any CPU.ActiveCfg = Debug|Any CPU
		{c75545ef-64cf-8ba9-4359-f0ee3ed1255c}.Debug|Any CPU.Build.0 = Debug|Any CPU
		{d82c3005-8283-a074-ea3e-6bb6a7fee079}.Debug|Any CPU.ActiveCfg = Debug|Any CPU
		{d82c3005-8283-a074-ea3e-6bb6a7fee079}.Debug|Any CPU.Build.0 = Debug|Any CPU
		{024c233c-9249-b12b-909d-35de359534cb}.Debug|Any CPU.ActiveCfg = Debug|Any CPU
		{024c233c-9249-b12b-909d-35de359534cb}.Debug|Any CPU.Build.0 = Debug|Any CPU
		{8d50f125-666c-bed2-6050-82eeed852435}.Debug|Any CPU.ActiveCfg = Debug|Any CPU
		{8d50f125-666c-bed2-6050-82eeed852435}.Debug|Any CPU.Build.0 = Debug|Any CPU
		{6cc15a1a-d165-a168-b070-a082fc4fc796}.Debug|Any CPU.ActiveCfg = Debug|Any CPU
		{6cc15a1a-d165-a168-b070-a082fc4fc796}.Debug|Any CPU.Build.0 = Debug|Any CPU
		{978f99c7-660e-99c6-bf19-067ef3b9073f}.Debug|Any CPU.ActiveCfg = Debug|Any CPU
		{978f99c7-660e-99c6-bf19-067ef3b9073f}.Debug|Any CPU.Build.0 = Debug|Any CPU
		{c356cb27-a537-1e88-70e2-04cd8d3bef9d}.Debug|Any CPU.ActiveCfg = Debug|Any CPU
		{c356cb27-a537-1e88-70e2-04cd8d3bef9d}.Debug|Any CPU.Build.0 = Debug|Any CPU
		{ecc30b0d-a1cc-0997-6c46-8ee6b5479753}.Debug|Any CPU.ActiveCfg = Debug|Any CPU
		{ecc30b0d-a1cc-0997-6c46-8ee6b5479753}.Debug|Any CPU.Build.0 = Debug|Any CPU
		{2c003048-49a7-ee45-8d84-42d41a33ed5c}.Debug|Any CPU.ActiveCfg = Debug|Any CPU
		{2c003048-49a7-ee45-8d84-42d41a33ed5c}.Debug|Any CPU.Build.0 = Debug|Any CPU
		{9deb48db-debe-deb6-4c50-03cd789f25c1}.Debug|Any CPU.ActiveCfg = Debug|Any CPU
		{9deb48db-debe-deb6-4c50-03cd789f25c1}.Debug|Any CPU.Build.0 = Debug|Any CPU
		{24742019-d206-ec00-48ab-11bd656d6364}.Debug|Any CPU.ActiveCfg = Debug|Any CPU
		{24742019-d206-ec00-48ab-11bd656d6364}.Debug|Any CPU.Build.0 = Debug|Any CPU
		{27538aa4-ddf4-9ce6-0cc4-7354a2f54b95}.Debug|Any CPU.ActiveCfg = Debug|Any CPU
		{27538aa4-ddf4-9ce6-0cc4-7354a2f54b95}.Debug|Any CPU.Build.0 = Debug|Any CPU
		{f1a42315-05db-d78d-db77-b4fea52fef38}.Debug|Any CPU.ActiveCfg = Debug|Any CPU
		{f1a42315-05db-d78d-db77-b4fea52fef38}.Debug|Any CPU.Build.0 = Debug|Any CPU
		{ce5865eb-20b2-77f3-ae52-4bf371e57afc}.Debug|Any CPU.ActiveCfg = Debug|Any CPU
		{ce5865eb-20b2-77f3-ae52-4bf371e57afc}.Debug|Any CPU.Build.0 = Debug|Any CPU
		{a748bfa3-da0e-4487-74b4-219d3e24c214}.Debug|Any CPU.ActiveCfg = Debug|Any CPU
		{a748bfa3-da0e-4487-74b4-219d3e24c214}.Debug|Any CPU.Build.0 = Debug|Any CPU
		{faed52f8-001b-3599-3eba-88e26bd9030c}.Debug|Any CPU.ActiveCfg = Debug|Any CPU
		{faed52f8-001b-3599-3eba-88e26bd9030c}.Debug|Any CPU.Build.0 = Debug|Any CPU
		{38da8f60-71d9-6ab9-e07b-fe57cc62664b}.Debug|Any CPU.ActiveCfg = Debug|Any CPU
		{38da8f60-71d9-6ab9-e07b-fe57cc62664b}.Debug|Any CPU.Build.0 = Debug|Any CPU
		{191daef0-7cd9-a4f3-81bb-c8649c38e29c}.Debug|Any CPU.ActiveCfg = Debug|Any CPU
		{191daef0-7cd9-a4f3-81bb-c8649c38e29c}.Debug|Any CPU.Build.0 = Debug|Any CPU
		{250249b2-b2f3-746e-1326-62551a18a48d}.Debug|Any CPU.ActiveCfg = Debug|Any CPU
		{250249b2-b2f3-746e-1326-62551a18a48d}.Debug|Any CPU.Build.0 = Debug|Any CPU
		{9d0841ba-b5be-d3a3-c195-c715da281ef9}.Debug|Any CPU.ActiveCfg = Debug|Any CPU
		{9d0841ba-b5be-d3a3-c195-c715da281ef9}.Debug|Any CPU.Build.0 = Debug|Any CPU
		{e2bc0c5f-2eb5-e159-a9ab-b310837c0928}.Debug|Any CPU.ActiveCfg = Debug|Any CPU
		{e2bc0c5f-2eb5-e159-a9ab-b310837c0928}.Debug|Any CPU.Build.0 = Debug|Any CPU
		{d671b641-3bc6-92d6-c723-0ae4a94050b4}.Debug|Any CPU.ActiveCfg = Debug|Any CPU
		{d671b641-3bc6-92d6-c723-0ae4a94050b4}.Debug|Any CPU.Build.0 = Debug|Any CPU
		{2c2dd7de-7452-d47e-5811-ed02f694ea1c}.Debug|Any CPU.ActiveCfg = Debug|Any CPU
		{2c2dd7de-7452-d47e-5811-ed02f694ea1c}.Debug|Any CPU.Build.0 = Debug|Any CPU
		{18df0a43-cb6e-3174-50e0-ddefb8ce1b4b}.Debug|Any CPU.ActiveCfg = Debug|Any CPU
		{18df0a43-cb6e-3174-50e0-ddefb8ce1b4b}.Debug|Any CPU.Build.0 = Debug|Any CPU
		{bda7bb99-ea7d-23d3-880a-bdb6582526b2}.Debug|Any CPU.ActiveCfg = Debug|Any CPU
		{bda7bb99-ea7d-23d3-880a-bdb6582526b2}.Debug|Any CPU.Build.0 = Debug|Any CPU
		{c32c069f-9add-9aeb-1250-3e20be63d2b7}.Debug|Any CPU.ActiveCfg = Debug|Any CPU
		{c32c069f-9add-9aeb-1250-3e20be63d2b7}.Debug|Any CPU.Build.0 = Debug|Any CPU
		{13023bfc-3593-ee1d-2d75-18a36b349674}.Debug|Any CPU.ActiveCfg = Debug|Any CPU
		{13023bfc-3593-ee1d-2d75-18a36b349674}.Debug|Any CPU.Build.0 = Debug|Any CPU
		{080851b5-db41-e1af-f728-b634507c5e5f}.Debug|Any CPU.ActiveCfg = Debug|Any CPU
		{080851b5-db41-e1af-f728-b634507c5e5f}.Debug|Any CPU.Build.0 = Debug|Any CPU
		{d4cb1f06-863d-b26b-0801-5d1d299650bb}.Debug|Any CPU.ActiveCfg = Debug|Any CPU
		{d4cb1f06-863d-b26b-0801-5d1d299650bb}.Debug|Any CPU.Build.0 = Debug|Any CPU
		{ed0270f1-6b5e-5e9f-ae88-934933ce0e64}.Debug|Any CPU.ActiveCfg = Debug|Any CPU
		{ed0270f1-6b5e-5e9f-ae88-934933ce0e64}.Debug|Any CPU.Build.0 = Debug|Any CPU
		{d181e7e4-12b8-c135-c2e6-6802b6e8d948}.Debug|Any CPU.ActiveCfg = Debug|Any CPU
		{d181e7e4-12b8-c135-c2e6-6802b6e8d948}.Debug|Any CPU.Build.0 = Debug|Any CPU
		{2c08e7b1-0701-4d27-e693-536dc9eec315}.Debug|Any CPU.ActiveCfg = Debug|Any CPU
		{2c08e7b1-0701-4d27-e693-536dc9eec315}.Debug|Any CPU.Build.0 = Debug|Any CPU
		{aba7be6d-41d3-ac36-4e71-52b5b4653605}.Debug|Any CPU.ActiveCfg = Debug|Any CPU
		{aba7be6d-41d3-ac36-4e71-52b5b4653605}.Debug|Any CPU.Build.0 = Debug|Any CPU
		{a0e14a0d-8c26-e4ec-f15f-e8723d760c94}.Debug|Any CPU.ActiveCfg = Debug|Any CPU
		{a0e14a0d-8c26-e4ec-f15f-e8723d760c94}.Debug|Any CPU.Build.0 = Debug|Any CPU
		{83c8f84e-2dd4-16d9-57ad-63473427d0d2}.Debug|Any CPU.ActiveCfg = Debug|Any CPU
		{83c8f84e-2dd4-16d9-57ad-63473427d0d2}.Debug|Any CPU.Build.0 = Debug|Any CPU
		{aaddcfbf-7105-0a9c-3159-4b1c0c215ac0}.Debug|Any CPU.ActiveCfg = Debug|Any CPU
		{aaddcfbf-7105-0a9c-3159-4b1c0c215ac0}.Debug|Any CPU.Build.0 = Debug|Any CPU
		{3e4ce1ef-770e-60ee-6e42-4383d7b43ab2}.Debug|Any CPU.ActiveCfg = Debug|Any CPU
		{3e4ce1ef-770e-60ee-6e42-4383d7b43ab2}.Debug|Any CPU.Build.0 = Debug|Any CPU
		{6d1bd0a9-f263-0faa-d87c-7ae57c26cd93}.Debug|Any CPU.ActiveCfg = Debug|Any CPU
		{6d1bd0a9-f263-0faa-d87c-7ae57c26cd93}.Debug|Any CPU.Build.0 = Debug|Any CPU
		{3b91ae9b-92be-d44a-9ae5-8ea3d6655042}.Debug|Any CPU.ActiveCfg = Debug|Any CPU
		{3b91ae9b-92be-d44a-9ae5-8ea3d6655042}.Debug|Any CPU.Build.0 = Debug|Any CPU
		{c4bd9833-9deb-af4d-6663-255140822a7d}.Debug|Any CPU.ActiveCfg = Debug|Any CPU
		{c4bd9833-9deb-af4d-6663-255140822a7d}.Debug|Any CPU.Build.0 = Debug|Any CPU
		{11f83b97-8fb8-bc24-f12f-c65f5f1eebc2}.Debug|Any CPU.ActiveCfg = Debug|Any CPU
		{11f83b97-8fb8-bc24-f12f-c65f5f1eebc2}.Debug|Any CPU.Build.0 = Debug|Any CPU
		{a8f36d10-52fc-0602-c4a8-026dfd785e03}.Debug|Any CPU.ActiveCfg = Debug|Any CPU
		{a8f36d10-52fc-0602-c4a8-026dfd785e03}.Debug|Any CPU.Build.0 = Debug|Any CPU
		{528bfd77-0b6f-42ed-76cd-4c32d2b8e040}.Debug|Any CPU.ActiveCfg = Debug|Any CPU
		{528bfd77-0b6f-42ed-76cd-4c32d2b8e040}.Debug|Any CPU.Build.0 = Debug|Any CPU
		{0ae23219-d482-7373-8f07-3963509465e7}.Debug|Any CPU.ActiveCfg = Debug|Any CPU
		{0ae23219-d482-7373-8f07-3963509465e7}.Debug|Any CPU.Build.0 = Debug|Any CPU
		{3ff4c059-f3e6-482e-fc79-1a07ee69caf0}.Debug|Any CPU.ActiveCfg = Debug|Any CPU
		{3ff4c059-f3e6-482e-fc79-1a07ee69caf0}.Debug|Any CPU.Build.0 = Debug|Any CPU
		{4b27ce3c-b04f-ed9c-dfcd-db9a0809476c}.Debug|Any CPU.ActiveCfg = Debug|Any CPU
		{4b27ce3c-b04f-ed9c-dfcd-db9a0809476c}.Debug|Any CPU.Build.0 = Debug|Any CPU
		{684c6c89-1d16-cecb-ee5a-5bcec9f14586}.Debug|Any CPU.ActiveCfg = Debug|Any CPU
		{684c6c89-1d16-cecb-ee5a-5bcec9f14586}.Debug|Any CPU.Build.0 = Debug|Any CPU
		{e21fc0ef-842e-333e-58bd-0fe7becbbedd}.Debug|Any CPU.ActiveCfg = Debug|Any CPU
		{e21fc0ef-842e-333e-58bd-0fe7becbbedd}.Debug|Any CPU.Build.0 = Debug|Any CPU
		{8dfceb70-27f9-ac8d-f022-336b191997d1}.Debug|Any CPU.ActiveCfg = Debug|Any CPU
		{8dfceb70-27f9-ac8d-f022-336b191997d1}.Debug|Any CPU.Build.0 = Debug|Any CPU
		{034ab43b-4267-1c65-4211-50af0bea820f}.Debug|Any CPU.ActiveCfg = Debug|Any CPU
		{034ab43b-4267-1c65-4211-50af0bea820f}.Debug|Any CPU.Build.0 = Debug|Any CPU
		{6f0be706-c6c8-742b-c716-9baad5939d01}.Debug|Any CPU.ActiveCfg = Debug|Any CPU
		{6f0be706-c6c8-742b-c716-9baad5939d01}.Debug|Any CPU.Build.0 = Debug|Any CPU
		{ba184641-8f27-0eec-5fd2-975dc46c6546}.Debug|Any CPU.ActiveCfg = Debug|Any CPU
		{ba184641-8f27-0eec-5fd2-975dc46c6546}.Debug|Any CPU.Build.0 = Debug|Any CPU
		{f7996e5f-8453-4c36-1af7-9b87364dd0cc}.Debug|Any CPU.ActiveCfg = Debug|Any CPU
		{f7996e5f-8453-4c36-1af7-9b87364dd0cc}.Debug|Any CPU.Build.0 = Debug|Any CPU
		{d090c300-fc44-adee-eb6a-6e8dd91a7a36}.Debug|Any CPU.ActiveCfg = Debug|Any CPU
		{d090c300-fc44-adee-eb6a-6e8dd91a7a36}.Debug|Any CPU.Build.0 = Debug|Any CPU
		{4fa1c7c7-0a00-fd0b-a249-dfd4e2085a76}.Debug|Any CPU.ActiveCfg = Debug|Any CPU
		{4fa1c7c7-0a00-fd0b-a249-dfd4e2085a76}.Debug|Any CPU.Build.0 = Debug|Any CPU
		{a1dd3aaf-9dd4-9bb7-da7a-de525725cd80}.Debug|Any CPU.ActiveCfg = Debug|Any CPU
		{a1dd3aaf-9dd4-9bb7-da7a-de525725cd80}.Debug|Any CPU.Build.0 = Debug|Any CPU
		{75c1118b-c602-8db0-3876-0eec6cba4b09}.Debug|Any CPU.ActiveCfg = Debug|Any CPU
		{75c1118b-c602-8db0-3876-0eec6cba4b09}.Debug|Any CPU.Build.0 = Debug|Any CPU
		{11fd8166-6fb7-b9fa-9f70-f1f44fe30380}.Debug|Any CPU.ActiveCfg = Debug|Any CPU
		{11fd8166-6fb7-b9fa-9f70-f1f44fe30380}.Debug|Any CPU.Build.0 = Debug|Any CPU
		{0f852938-5e43-3928-6290-0374d1ce917c}.Debug|Any CPU.ActiveCfg = Debug|Any CPU
		{0f852938-5e43-3928-6290-0374d1ce917c}.Debug|Any CPU.Build.0 = Debug|Any CPU
		{dc9ed507-f6bf-4303-0df6-9dca40b1bbf6}.Debug|Any CPU.ActiveCfg = Debug|Any CPU
		{dc9ed507-f6bf-4303-0df6-9dca40b1bbf6}.Debug|Any CPU.Build.0 = Debug|Any CPU
		{6eeb9a5c-3df2-4e36-30a7-fc47766e6056}.Debug|Any CPU.ActiveCfg = Debug|Any CPU
		{6eeb9a5c-3df2-4e36-30a7-fc47766e6056}.Debug|Any CPU.Build.0 = Debug|Any CPU
		{d78d1f23-cf66-f4ba-9922-13c09bb7fd8b}.Debug|Any CPU.ActiveCfg = Debug|Any CPU
		{d78d1f23-cf66-f4ba-9922-13c09bb7fd8b}.Debug|Any CPU.Build.0 = Debug|Any CPU
		{3be464f4-6ae3-43e3-3d7e-a632195a29d7}.Debug|Any CPU.ActiveCfg = Debug|Any CPU
		{3be464f4-6ae3-43e3-3d7e-a632195a29d7}.Debug|Any CPU.Build.0 = Debug|Any CPU
		{ed3bed14-fb4a-9eb6-12d9-c1417e21f0e5}.Debug|Any CPU.ActiveCfg = Debug|Any CPU
		{ed3bed14-fb4a-9eb6-12d9-c1417e21f0e5}.Debug|Any CPU.Build.0 = Debug|Any CPU
		{a9d93adb-4078-64ab-60f8-10bdcfb251fb}.Debug|Any CPU.ActiveCfg = Debug|Any CPU
		{a9d93adb-4078-64ab-60f8-10bdcfb251fb}.Debug|Any CPU.Build.0 = Debug|Any CPU
		{fed90af3-fd61-98c5-f809-28409d7a2534}.Debug|Any CPU.ActiveCfg = Debug|Any CPU
		{fed90af3-fd61-98c5-f809-28409d7a2534}.Debug|Any CPU.Build.0 = Debug|Any CPU
		{2a52210b-653e-4ac4-0de4-c7b870f14935}.Debug|Any CPU.ActiveCfg = Debug|Any CPU
		{2a52210b-653e-4ac4-0de4-c7b870f14935}.Debug|Any CPU.Build.0 = Debug|Any CPU
		{b370de07-9f1d-22f3-71ae-1e0c295a224c}.Debug|Any CPU.ActiveCfg = Debug|Any CPU
		{b370de07-9f1d-22f3-71ae-1e0c295a224c}.Debug|Any CPU.Build.0 = Debug|Any CPU
		{c56688ea-02b5-5773-544a-e7f8092702dd}.Debug|Any CPU.ActiveCfg = Debug|Any CPU
		{c56688ea-02b5-5773-544a-e7f8092702dd}.Debug|Any CPU.Build.0 = Debug|Any CPU
		{b0e1a268-6077-80b0-7a98-131d93f84dce}.Debug|Any CPU.ActiveCfg = Debug|Any CPU
		{b0e1a268-6077-80b0-7a98-131d93f84dce}.Debug|Any CPU.Build.0 = Debug|Any CPU
		{466e6300-a6e8-a49f-7e11-732ff30d8c1a}.Debug|Any CPU.ActiveCfg = Debug|Any CPU
		{466e6300-a6e8-a49f-7e11-732ff30d8c1a}.Debug|Any CPU.Build.0 = Debug|Any CPU
		{5cf0b535-f33d-fb8e-43a1-2363f67ae15f}.Debug|Any CPU.ActiveCfg = Debug|Any CPU
		{5cf0b535-f33d-fb8e-43a1-2363f67ae15f}.Debug|Any CPU.Build.0 = Debug|Any CPU
		{fcbefdcd-d522-b5d7-1333-6c44b81f731e}.Debug|Any CPU.ActiveCfg = Debug|Any CPU
		{fcbefdcd-d522-b5d7-1333-6c44b81f731e}.Debug|Any CPU.Build.0 = Debug|Any CPU
		{0da098a7-4344-a842-0710-c167fdce7825}.Debug|Any CPU.ActiveCfg = Debug|Any CPU
		{0da098a7-4344-a842-0710-c167fdce7825}.Debug|Any CPU.Build.0 = Debug|Any CPU
		{b2b8f4ea-1b7f-22e8-d9d4-8b9925c29d44}.Debug|Any CPU.ActiveCfg = Debug|Any CPU
		{b2b8f4ea-1b7f-22e8-d9d4-8b9925c29d44}.Debug|Any CPU.Build.0 = Debug|Any CPU
		{2dab2a13-be4a-dcf4-fd53-264865bb6777}.Debug|Any CPU.ActiveCfg = Debug|Any CPU
		{2dab2a13-be4a-dcf4-fd53-264865bb6777}.Debug|Any CPU.Build.0 = Debug|Any CPU
		{dfa4eb17-85cb-1639-06fd-b7521c17e56d}.Debug|Any CPU.ActiveCfg = Debug|Any CPU
		{dfa4eb17-85cb-1639-06fd-b7521c17e56d}.Debug|Any CPU.Build.0 = Debug|Any CPU
		{8ceacf12-e5d8-c516-5b3d-3262d6ee4b9c}.Debug|Any CPU.ActiveCfg = Debug|Any CPU
		{8ceacf12-e5d8-c516-5b3d-3262d6ee4b9c}.Debug|Any CPU.Build.0 = Debug|Any CPU
		{82382d8a-b67a-81ae-6aef-f5c53e5f0775}.Debug|Any CPU.ActiveCfg = Debug|Any CPU
		{82382d8a-b67a-81ae-6aef-f5c53e5f0775}.Debug|Any CPU.Build.0 = Debug|Any CPU
		{04b966fe-0671-4bb3-8dc3-b2fb8ace8f7c}.Debug|Any CPU.ActiveCfg = Debug|Any CPU
		{04b966fe-0671-4bb3-8dc3-b2fb8ace8f7c}.Debug|Any CPU.Build.0 = Debug|Any CPU
		{7a9bcffd-bad8-10eb-c73c-cc724d70f774}.Debug|Any CPU.ActiveCfg = Debug|Any CPU
		{7a9bcffd-bad8-10eb-c73c-cc724d70f774}.Debug|Any CPU.Build.0 = Debug|Any CPU
		{c6fe9651-7504-29d2-7013-44bf7807d7eb}.Debug|Any CPU.ActiveCfg = Debug|Any CPU
		{c6fe9651-7504-29d2-7013-44bf7807d7eb}.Debug|Any CPU.Build.0 = Debug|Any CPU
		{02cb04fd-5eec-d17a-1afb-01509f24c7f7}.Debug|Any CPU.ActiveCfg = Debug|Any CPU
		{02cb04fd-5eec-d17a-1afb-01509f24c7f7}.Debug|Any CPU.Build.0 = Debug|Any CPU
		{e8d5baf9-413a-df7e-0298-8c77faaf6ba9}.Debug|Any CPU.ActiveCfg = Debug|Any CPU
		{e8d5baf9-413a-df7e-0298-8c77faaf6ba9}.Debug|Any CPU.Build.0 = Debug|Any CPU
		{6265d43c-9458-cbdb-1a73-d125c68e2065}.Debug|Any CPU.ActiveCfg = Debug|Any CPU
		{6265d43c-9458-cbdb-1a73-d125c68e2065}.Debug|Any CPU.Build.0 = Debug|Any CPU
		{8111abaf-fd62-00b8-0981-79392631aab6}.Debug|Any CPU.ActiveCfg = Debug|Any CPU
		{8111abaf-fd62-00b8-0981-79392631aab6}.Debug|Any CPU.Build.0 = Debug|Any CPU
		{b177aad5-2842-68af-8fff-99f7ec17503d}.Debug|Any CPU.ActiveCfg = Debug|Any CPU
		{b177aad5-2842-68af-8fff-99f7ec17503d}.Debug|Any CPU.Build.0 = Debug|Any CPU
		{fd38ca32-36d1-e1e6-3ffc-2a818a2aedd4}.Debug|Any CPU.ActiveCfg = Debug|Any CPU
		{fd38ca32-36d1-e1e6-3ffc-2a818a2aedd4}.Debug|Any CPU.Build.0 = Debug|Any CPU
		{c18de2ef-b960-689b-760c-25b93b1c1e5f}.Debug|Any CPU.ActiveCfg = Debug|Any CPU
		{c18de2ef-b960-689b-760c-25b93b1c1e5f}.Debug|Any CPU.Build.0 = Debug|Any CPU
		{1337df35-7e69-42b2-0548-9237e6c795fd}.Debug|Any CPU.ActiveCfg = Debug|Any CPU
		{1337df35-7e69-42b2-0548-9237e6c795fd}.Debug|Any CPU.Build.0 = Debug|Any CPU
		{ad9d39a3-10bf-f7dc-6ab8-c6dd812f11b2}.Debug|Any CPU.ActiveCfg = Debug|Any CPU
		{ad9d39a3-10bf-f7dc-6ab8-c6dd812f11b2}.Debug|Any CPU.Build.0 = Debug|Any CPU
		{d73ed553-6b8c-d024-da7a-abd43a850397}.Debug|Any CPU.ActiveCfg = Debug|Any CPU
		{d73ed553-6b8c-d024-da7a-abd43a850397}.Debug|Any CPU.Build.0 = Debug|Any CPU
		{ae4b153f-266e-6837-1234-8ae23d3253f7}.Debug|Any CPU.ActiveCfg = Debug|Any CPU
		{ae4b153f-266e-6837-1234-8ae23d3253f7}.Debug|Any CPU.Build.0 = Debug|Any CPU
		{d5c9a392-01d4-7d2e-46f9-db0bd7c10a6c}.Debug|Any CPU.ActiveCfg = Debug|Any CPU
		{d5c9a392-01d4-7d2e-46f9-db0bd7c10a6c}.Debug|Any CPU.Build.0 = Debug|Any CPU
		{87ed2bbc-bf81-6f18-5394-06fa298b4b0d}.Debug|Any CPU.ActiveCfg = Debug|Any CPU
		{87ed2bbc-bf81-6f18-5394-06fa298b4b0d}.Debug|Any CPU.Build.0 = Debug|Any CPU
		{c7bd32c3-c7e1-807b-4021-acb2dad096c9}.Debug|Any CPU.ActiveCfg = Debug|Any CPU
		{c7bd32c3-c7e1-807b-4021-acb2dad096c9}.Debug|Any CPU.Build.0 = Debug|Any CPU
		{4099444a-ca74-90bd-9628-fc96e87d7a77}.Debug|Any CPU.ActiveCfg = Debug|Any CPU
		{4099444a-ca74-90bd-9628-fc96e87d7a77}.Debug|Any CPU.Build.0 = Debug|Any CPU
		{539bc493-38bb-7614-9827-be1eb943ef8a}.Debug|Any CPU.ActiveCfg = Debug|Any CPU
		{539bc493-38bb-7614-9827-be1eb943ef8a}.Debug|Any CPU.Build.0 = Debug|Any CPU
		{8145bc47-4faf-ee5e-b5a6-f605d9aba172}.Debug|Any CPU.ActiveCfg = Debug|Any CPU
		{8145bc47-4faf-ee5e-b5a6-f605d9aba172}.Debug|Any CPU.Build.0 = Debug|Any CPU
		{0f3b6bd3-29b7-c1df-2c9f-716015d71d78}.Debug|Any CPU.ActiveCfg = Debug|Any CPU
		{0f3b6bd3-29b7-c1df-2c9f-716015d71d78}.Debug|Any CPU.Build.0 = Debug|Any CPU
		{692e2bc7-4c3d-5d43-3936-add81420822a}.Debug|Any CPU.ActiveCfg = Debug|Any CPU
		{692e2bc7-4c3d-5d43-3936-add81420822a}.Debug|Any CPU.Build.0 = Debug|Any CPU
		{4481363a-b7bc-aa91-2b08-395cabe426e8}.Debug|Any CPU.ActiveCfg = Debug|Any CPU
		{4481363a-b7bc-aa91-2b08-395cabe426e8}.Debug|Any CPU.Build.0 = Debug|Any CPU
		{f447495c-066e-5374-8b6d-8b23f3248076}.Debug|Any CPU.ActiveCfg = Debug|Any CPU
		{f447495c-066e-5374-8b6d-8b23f3248076}.Debug|Any CPU.Build.0 = Debug|Any CPU
		{c4398c9e-1247-bcef-15e5-6fd25f533a13}.Debug|Any CPU.ActiveCfg = Debug|Any CPU
		{c4398c9e-1247-bcef-15e5-6fd25f533a13}.Debug|Any CPU.Build.0 = Debug|Any CPU
		{3be09b15-9dc7-b460-7034-6ef3db675bd7}.Debug|Any CPU.ActiveCfg = Debug|Any CPU
		{3be09b15-9dc7-b460-7034-6ef3db675bd7}.Debug|Any CPU.Build.0 = Debug|Any CPU
		{52f311cf-1d82-3e45-3c06-a5e69529fb35}.Debug|Any CPU.ActiveCfg = Debug|Any CPU
		{52f311cf-1d82-3e45-3c06-a5e69529fb35}.Debug|Any CPU.Build.0 = Debug|Any CPU
		{ac82bb42-0099-5906-5b46-5c3b8a41ac03}.Debug|Any CPU.ActiveCfg = Debug|Any CPU
		{ac82bb42-0099-5906-5b46-5c3b8a41ac03}.Debug|Any CPU.Build.0 = Debug|Any CPU
		{febfb9d2-48d0-d699-22d4-41de58c5bea3}.Debug|Any CPU.ActiveCfg = Debug|Any CPU
		{febfb9d2-48d0-d699-22d4-41de58c5bea3}.Debug|Any CPU.Build.0 = Debug|Any CPU
		{6d089b93-8159-16c5-2565-d003f46e82da}.Debug|Any CPU.ActiveCfg = Debug|Any CPU
		{6d089b93-8159-16c5-2565-d003f46e82da}.Debug|Any CPU.Build.0 = Debug|Any CPU
	EndGlobalSection
	GlobalSection(SolutionProperties) = preSolution
		HideSolutionNode = FALSE
	EndGlobalSection
EndGlobal
